{
  "version": 4,
  "terraform_version": "1.2.5",
  "serial": 425,
  "lineage": "77671fd2-cb5a-673e-12dd-9d5fe90afb3c",
  "outputs": {
    "api_url": {
      "value": "https://bziods3sbd.execute-api.ap-south-1.amazonaws.com/",
      "type": "string"
    }
  },
  "resources": [
    {
      "mode": "managed",
      "type": "aws_apigatewayv2_api",
      "name": "ApiGatewayV2Api",
      "provider": "provider[\"registry.terraform.io/hashicorp/aws\"]",
      "instances": [
        {
          "schema_version": 0,
          "attributes": {
            "api_endpoint": "https://bziods3sbd.execute-api.ap-south-1.amazonaws.com",
            "api_key_selection_expression": "$request.header.x-api-key",
            "arn": "arn:aws:apigateway:ap-south-1::/apis/bziods3sbd",
            "body": null,
            "cors_configuration": [],
            "credentials_arn": null,
            "description": "",
            "disable_execute_api_endpoint": false,
            "execution_arn": "arn:aws:execute-api:ap-south-1:010214337392:bziods3sbd",
            "fail_on_warnings": null,
            "id": "bziods3sbd",
            "name": "zoominfo_api",
            "protocol_type": "HTTP",
            "route_key": null,
            "route_selection_expression": "$request.method $request.path",
            "tags": {},
            "tags_all": {},
            "target": null,
            "version": ""
          },
          "sensitive_attributes": [],
          "private": "bnVsbA=="
        }
      ]
    },
    {
      "mode": "managed",
      "type": "aws_apigatewayv2_integration",
      "name": "ApiGatewayV2Integration",
      "provider": "provider[\"registry.terraform.io/hashicorp/aws\"]",
      "instances": [
        {
          "schema_version": 0,
          "attributes": {
            "api_id": "bziods3sbd",
            "connection_id": "ab3gtf",
            "connection_type": "VPC_LINK",
            "content_handling_strategy": "",
            "credentials_arn": "",
            "description": "",
            "id": "qeksbzt",
            "integration_method": "ANY",
            "integration_response_selection_expression": "",
            "integration_subtype": "",
            "integration_type": "HTTP_PROXY",
            "integration_uri": "arn:aws:elasticloadbalancing:ap-south-1:010214337392:listener/app/svc1-lb/c1e0ea964326dd69/4d7693c4c6f75f33",
            "passthrough_behavior": "",
            "payload_format_version": "1.0",
            "request_parameters": {},
            "request_templates": {},
            "response_parameters": [],
            "template_selection_expression": "",
            "timeout_milliseconds": 30000,
            "tls_config": []
          },
          "sensitive_attributes": [],
          "private": "bnVsbA==",
          "dependencies": [
            "aws_apigatewayv2_api.ApiGatewayV2Api",
            "aws_apigatewayv2_vpc_link.ApiGatewayV2VpcLink",
            "aws_lb.ElasticLoadBalancingV2LoadBalancer1",
            "aws_lb_listener.ElasticLoadBalancingV2Listener",
            "aws_lb_target_group.ElasticLoadBalancingV2TargetGroup",
            "aws_security_group.Lb-SecurityGroup",
            "aws_subnet.Subnet2-Private",
            "aws_subnet.Subnet3-Private",
            "aws_vpc.ZIVPC"
          ]
        }
      ]
    },
    {
      "mode": "managed",
      "type": "aws_apigatewayv2_route",
      "name": "ApiGatewayV2Route",
      "provider": "provider[\"registry.terraform.io/hashicorp/aws\"]",
      "instances": [
        {
          "schema_version": 0,
          "attributes": {
            "api_id": "bziods3sbd",
            "api_key_required": false,
            "authorization_scopes": [],
            "authorization_type": "NONE",
            "authorizer_id": "",
            "id": "8tyxxj1",
            "model_selection_expression": "",
            "operation_name": "",
            "request_models": {},
            "request_parameter": [],
            "route_key": "GET /",
            "route_response_selection_expression": "",
            "target": "integrations/qeksbzt"
          },
          "sensitive_attributes": [],
          "private": "bnVsbA==",
          "dependencies": [
            "aws_apigatewayv2_api.ApiGatewayV2Api",
            "aws_apigatewayv2_integration.ApiGatewayV2Integration",
            "aws_apigatewayv2_vpc_link.ApiGatewayV2VpcLink",
            "aws_lb.ElasticLoadBalancingV2LoadBalancer1",
            "aws_lb_listener.ElasticLoadBalancingV2Listener",
            "aws_lb_target_group.ElasticLoadBalancingV2TargetGroup",
            "aws_security_group.Lb-SecurityGroup",
            "aws_subnet.Subnet2-Private",
            "aws_subnet.Subnet3-Private",
            "aws_vpc.ZIVPC"
          ]
        }
      ]
    },
    {
      "mode": "managed",
      "type": "aws_apigatewayv2_stage",
      "name": "ApiGatewayV2Stage",
      "provider": "provider[\"registry.terraform.io/hashicorp/aws\"]",
      "instances": [
        {
          "schema_version": 0,
          "attributes": {
            "access_log_settings": [],
            "api_id": "bziods3sbd",
            "arn": "arn:aws:apigateway:ap-south-1::/apis/bziods3sbd/stages/$default",
            "auto_deploy": true,
            "client_certificate_id": "",
            "default_route_settings": [
              {
                "data_trace_enabled": false,
                "detailed_metrics_enabled": false,
                "logging_level": "",
                "throttling_burst_limit": 5000,
                "throttling_rate_limit": 150000
              }
            ],
            "deployment_id": "gpiqo1",
            "description": "",
            "execution_arn": "arn:aws:execute-api:ap-south-1:010214337392:bziods3sbd/$default",
            "id": "$default",
            "invoke_url": "https://bziods3sbd.execute-api.ap-south-1.amazonaws.com/",
            "name": "$default",
            "route_settings": [],
            "stage_variables": {},
            "tags": {},
            "tags_all": {}
          },
          "sensitive_attributes": [],
          "private": "bnVsbA==",
          "dependencies": [
            "aws_apigatewayv2_api.ApiGatewayV2Api"
          ]
        }
      ]
    },
    {
      "mode": "managed",
      "type": "aws_apigatewayv2_vpc_link",
      "name": "ApiGatewayV2VpcLink",
      "provider": "provider[\"registry.terraform.io/hashicorp/aws\"]",
      "instances": [
        {
          "schema_version": 0,
          "attributes": {
            "arn": "arn:aws:apigateway:ap-south-1::/vpclinks/ab3gtf",
            "id": "ab3gtf",
            "name": "access_to_lb_from_api_gw",
            "security_group_ids": [
              "sg-0a784088ca528cfb5"
            ],
            "subnet_ids": [
              "subnet-02a8622450f0729c4",
              "subnet-043025eebcd4ac975"
            ],
            "tags": {},
            "tags_all": {}
          },
          "sensitive_attributes": [],
          "private": "bnVsbA==",
          "dependencies": [
            "aws_security_group.Lb-SecurityGroup",
            "aws_subnet.Subnet2-Private",
            "aws_subnet.Subnet3-Private",
            "aws_vpc.ZIVPC"
          ]
        }
      ]
    },
    {
      "mode": "managed",
      "type": "aws_appautoscaling_policy",
      "name": "ecs-target-policy1",
      "provider": "provider[\"registry.terraform.io/hashicorp/aws\"]",
      "instances": [
        {
          "schema_version": 0,
          "attributes": {
            "arn": "arn:aws:autoscaling:ap-south-1:010214337392:scalingPolicy:8bccdee8-2aa8-4e24-8476-cf398e5e730b:resource/ecs/service/assignment/service1:policyName/cpu-auto-scaling",
            "id": "cpu-auto-scaling",
            "name": "cpu-auto-scaling",
            "policy_type": "TargetTrackingScaling",
            "resource_id": "service/assignment/service1",
            "scalable_dimension": "ecs:service:DesiredCount",
            "service_namespace": "ecs",
            "step_scaling_policy_configuration": [],
            "target_tracking_scaling_policy_configuration": [
              {
                "customized_metric_specification": [],
                "disable_scale_in": false,
                "predefined_metric_specification": [
                  {
                    "predefined_metric_type": "ECSServiceAverageCPUUtilization",
                    "resource_label": ""
                  }
                ],
                "scale_in_cooldown": 300,
                "scale_out_cooldown": 300,
                "target_value": 50
              }
            ]
          },
          "sensitive_attributes": [],
          "private": "bnVsbA==",
          "dependencies": [
            "aws_appautoscaling_target.ecs_target_svc1",
            "aws_ecr_repository.ECRRepository-svc2",
            "aws_ecs_cluster.ECSCluster",
            "aws_ecs_service.ECSService",
            "aws_ecs_task_definition.ECSTaskDefinition2",
            "aws_iam_role.IAMRole",
            "aws_lb_target_group.ElasticLoadBalancingV2TargetGroup",
            "aws_security_group.svc1-SecurityGroup",
            "aws_subnet.Subnet2-Private",
            "aws_subnet.Subnet3-Private",
            "aws_vpc.ZIVPC"
          ]
        }
      ]
    },
    {
      "mode": "managed",
      "type": "aws_appautoscaling_policy",
      "name": "ecs-target-policy2",
      "provider": "provider[\"registry.terraform.io/hashicorp/aws\"]",
      "instances": [
        {
          "schema_version": 0,
          "attributes": {
            "arn": "arn:aws:autoscaling:ap-south-1:010214337392:scalingPolicy:29e6ae3b-68b7-4b5e-81a8-a8ff07933f55:resource/ecs/service/assignment/service2:policyName/cpu-auto-scaling",
            "id": "cpu-auto-scaling",
            "name": "cpu-auto-scaling",
            "policy_type": "TargetTrackingScaling",
            "resource_id": "service/assignment/service2",
            "scalable_dimension": "ecs:service:DesiredCount",
            "service_namespace": "ecs",
            "step_scaling_policy_configuration": [],
            "target_tracking_scaling_policy_configuration": [
              {
                "customized_metric_specification": [],
                "disable_scale_in": false,
                "predefined_metric_specification": [
                  {
                    "predefined_metric_type": "ECSServiceAverageCPUUtilization",
                    "resource_label": ""
                  }
                ],
                "scale_in_cooldown": 300,
                "scale_out_cooldown": 300,
                "target_value": 50
              }
            ]
          },
          "sensitive_attributes": [],
          "private": "bnVsbA==",
          "dependencies": [
            "aws_appautoscaling_target.ecstargetsvc2",
            "aws_ecr_repository.ECRRepository-svc1",
            "aws_ecs_cluster.ECSCluster",
            "aws_ecs_service.ECSService2",
            "aws_ecs_task_definition.ECSTaskDefinition",
            "aws_iam_role.IAMRole",
            "aws_lb_target_group.ElasticLoadBalancingV2TargetGroup2",
            "aws_security_group.svc2-SecurityGroup",
            "aws_subnet.Subnet2-Private",
            "aws_subnet.Subnet3-Private",
            "aws_vpc.ZIVPC"
          ]
        }
      ]
    },
    {
      "mode": "managed",
      "type": "aws_appautoscaling_target",
      "name": "ecs_target_svc1",
      "provider": "provider[\"registry.terraform.io/hashicorp/aws\"]",
      "instances": [
        {
          "schema_version": 0,
          "attributes": {
            "id": "service/assignment/service1",
            "max_capacity": 4,
            "min_capacity": 2,
            "resource_id": "service/assignment/service1",
            "role_arn": "arn:aws:iam::010214337392:role/aws-service-role/ecs.application-autoscaling.amazonaws.com/AWSServiceRoleForApplicationAutoScaling_ECSService",
            "scalable_dimension": "ecs:service:DesiredCount",
            "service_namespace": "ecs"
          },
          "sensitive_attributes": [],
          "private": "bnVsbA==",
          "dependencies": [
            "aws_ecr_repository.ECRRepository-svc2",
            "aws_ecs_cluster.ECSCluster",
            "aws_ecs_service.ECSService",
            "aws_ecs_task_definition.ECSTaskDefinition2",
            "aws_iam_role.IAMRole",
            "aws_lb_target_group.ElasticLoadBalancingV2TargetGroup",
            "aws_security_group.svc1-SecurityGroup",
            "aws_subnet.Subnet2-Private",
            "aws_subnet.Subnet3-Private",
            "aws_vpc.ZIVPC"
          ]
        }
      ]
    },
    {
      "mode": "managed",
      "type": "aws_appautoscaling_target",
      "name": "ecstargetsvc2",
      "provider": "provider[\"registry.terraform.io/hashicorp/aws\"]",
      "instances": [
        {
          "schema_version": 0,
          "attributes": {
            "id": "service/assignment/service2",
            "max_capacity": 4,
            "min_capacity": 2,
            "resource_id": "service/assignment/service2",
            "role_arn": "arn:aws:iam::010214337392:role/aws-service-role/ecs.application-autoscaling.amazonaws.com/AWSServiceRoleForApplicationAutoScaling_ECSService",
            "scalable_dimension": "ecs:service:DesiredCount",
            "service_namespace": "ecs"
          },
          "sensitive_attributes": [],
          "private": "bnVsbA==",
          "dependencies": [
            "aws_ecr_repository.ECRRepository-svc1",
            "aws_ecs_cluster.ECSCluster",
            "aws_ecs_service.ECSService2",
            "aws_ecs_task_definition.ECSTaskDefinition",
            "aws_iam_role.IAMRole",
            "aws_lb_target_group.ElasticLoadBalancingV2TargetGroup2",
            "aws_security_group.svc2-SecurityGroup",
            "aws_subnet.Subnet2-Private",
            "aws_subnet.Subnet3-Private",
            "aws_vpc.ZIVPC"
          ]
        }
      ]
    },
    {
      "mode": "managed",
      "type": "aws_cloudwatch_dashboard",
      "name": "ecs_cluster",
      "provider": "provider[\"registry.terraform.io/hashicorp/aws\"]",
      "instances": [
        {
          "schema_version": 0,
          "attributes": {
            "dashboard_arn": "arn:aws:cloudwatch::010214337392:dashboard/ecs_cluster",
            "dashboard_body": "{\"widgets\":[{\"type\":\"metric\",\"x\":0,\"y\":0,\"width\":4,\"height\":6,\"properties\":{\"region\":\"ap-south-1\",\"title\":\"CPU Utilization\",\"legend\":{\"position\":\"bottom\"},\"timezone\":\"Local\",\"metrics\":[[{\"id\":\"expr1m0\",\"label\":\"assignment\",\"expression\":\"mm1m0 * 100 / mm0m0\",\"stat\":\"Average\"}],[\"ECS/ContainerInsights\",\"CpuReserved\",\"ClusterName\",\"assignment\",{\"id\":\"mm0m0\",\"visible\":false,\"stat\":\"Sum\"}],[\".\",\"CpuUtilized\",\".\",\".\",{\"id\":\"mm1m0\",\"visible\":false,\"stat\":\"Sum\"}]],\"liveData\":false,\"period\":60,\"yAxis\":{\"left\":{\"min\":0,\"showUnits\":false,\"label\":\"Percent\"}}}},{\"type\":\"metric\",\"x\":4,\"y\":0,\"width\":4,\"height\":6,\"properties\":{\"region\":\"ap-south-1\",\"title\":\"Memory Utilization\",\"legend\":{\"position\":\"bottom\"},\"timezone\":\"Local\",\"metrics\":[[{\"id\":\"expr1m0\",\"label\":\"assignment\",\"expression\":\"mm1m0 * 100 / mm0m0\",\"stat\":\"Average\"}],[\"ECS/ContainerInsights\",\"MemoryReserved\",\"ClusterName\",\"assignment\",{\"id\":\"mm0m0\",\"visible\":false,\"stat\":\"Sum\"}],[\".\",\"MemoryUtilized\",\".\",\".\",{\"id\":\"mm1m0\",\"visible\":false,\"stat\":\"Sum\"}]],\"liveData\":false,\"period\":60,\"yAxis\":{\"left\":{\"min\":0,\"showUnits\":false,\"label\":\"Percent\"}}}},{\"type\":\"metric\",\"x\":8,\"y\":0,\"width\":4,\"height\":6,\"properties\":{\"region\":\"ap-south-1\",\"title\":\"Network\",\"legend\":{\"position\":\"bottom\"},\"timezone\":\"Local\",\"metrics\":[[{\"id\":\"expr1m0\",\"label\":\"assignment\",\"expression\":\"mm0m0 + mm1m0\",\"stat\":\"Average\"}],[\"ECS/ContainerInsights\",\"NetworkRxBytes\",\"ClusterName\",\"assignment\",{\"id\":\"mm0m0\",\"visible\":false,\"stat\":\"Average\"}],[\".\",\"NetworkTxBytes\",\".\",\".\",{\"id\":\"mm1m0\",\"visible\":false,\"stat\":\"Average\"}]],\"liveData\":false,\"period\":60,\"yAxis\":{\"left\":{\"showUnits\":false,\"label\":\"Bytes/Second\"}}}},{\"type\":\"metric\",\"x\":12,\"y\":0,\"width\":4,\"height\":6,\"properties\":{\"region\":\"ap-south-1\",\"title\":\"Container Instance Count\",\"legend\":{\"position\":\"bottom\"},\"timezone\":\"Local\",\"metrics\":[[\"ECS/ContainerInsights\",\"ContainerInstanceCount\",\"ClusterName\",\"assignment\",{\"stat\":\"Average\"}]],\"liveData\":false,\"period\":60}},{\"type\":\"metric\",\"x\":16,\"y\":0,\"width\":4,\"height\":6,\"properties\":{\"region\":\"ap-south-1\",\"title\":\"Task Count\",\"legend\":{\"position\":\"bottom\"},\"timezone\":\"Local\",\"metrics\":[[\"ECS/ContainerInsights\",\"TaskCount\",\"ClusterName\",\"assignment\",{\"stat\":\"Average\"}]],\"liveData\":false,\"period\":60}},{\"type\":\"metric\",\"x\":20,\"y\":0,\"width\":4,\"height\":6,\"properties\":{\"region\":\"ap-south-1\",\"title\":\"Service Count\",\"legend\":{\"position\":\"bottom\"},\"timezone\":\"Local\",\"metrics\":[[\"ECS/ContainerInsights\",\"ServiceCount\",\"ClusterName\",\"assignment\",{\"stat\":\"Average\"}]],\"liveData\":false,\"period\":60}}]}",
            "dashboard_name": "ecs_cluster",
            "id": "ecs_cluster"
          },
          "sensitive_attributes": [],
          "private": "bnVsbA=="
        }
      ]
    },
    {
      "mode": "managed",
      "type": "aws_cloudwatch_dashboard",
      "name": "zoominfo_service1",
      "provider": "provider[\"registry.terraform.io/hashicorp/aws\"]",
      "instances": [
        {
          "schema_version": 0,
          "attributes": {
            "dashboard_arn": "arn:aws:cloudwatch::010214337392:dashboard/zoominfo_service1",
            "dashboard_body": "{\"widgets\":[{\"type\":\"metric\",\"x\":0,\"y\":0,\"width\":4,\"height\":6,\"properties\":{\"region\":\"ap-south-1\",\"title\":\"CPU Utilization\",\"legend\":{\"position\":\"bottom\"},\"timezone\":\"Local\",\"metrics\":[[{\"id\":\"expr1m0\",\"label\":\"service1\",\"expression\":\"mm1m0 * 100 / mm0m0\",\"stat\":\"Average\"}],[\"ECS/ContainerInsights\",\"CpuReserved\",\"ClusterName\",\"assignment\",\"ServiceName\",\"service1\",{\"id\":\"mm0m0\",\"visible\":false,\"stat\":\"Sum\"}],[\".\",\"CpuUtilized\",\".\",\".\",\".\",\".\",{\"id\":\"mm1m0\",\"visible\":false,\"stat\":\"Sum\"}]],\"liveData\":false,\"period\":60,\"yAxis\":{\"left\":{\"min\":0,\"showUnits\":false,\"label\":\"Percent\"}}}},{\"type\":\"metric\",\"x\":4,\"y\":0,\"width\":4,\"height\":6,\"properties\":{\"region\":\"ap-south-1\",\"title\":\"Memory Utilization\",\"legend\":{\"position\":\"bottom\"},\"timezone\":\"Local\",\"metrics\":[[{\"id\":\"expr1m0\",\"label\":\"service1\",\"expression\":\"mm1m0 * 100 / mm0m0\",\"stat\":\"Average\"}],[\"ECS/ContainerInsights\",\"MemoryReserved\",\"ClusterName\",\"assignment\",\"ServiceName\",\"service1\",{\"id\":\"mm0m0\",\"visible\":false,\"stat\":\"Sum\"}],[\".\",\"MemoryUtilized\",\".\",\".\",\".\",\".\",{\"id\":\"mm1m0\",\"visible\":false,\"stat\":\"Sum\"}]],\"liveData\":false,\"period\":60,\"yAxis\":{\"left\":{\"min\":0,\"showUnits\":false,\"label\":\"Percent\"}}}},{\"type\":\"metric\",\"x\":8,\"y\":0,\"width\":4,\"height\":6,\"properties\":{\"region\":\"ap-south-1\",\"title\":\"Network TX\",\"legend\":{\"position\":\"bottom\"},\"timezone\":\"Local\",\"metrics\":[[{\"id\":\"expr1m0\",\"label\":\"service1\",\"expression\":\"mm0m0\",\"stat\":\"Average\"}],[\"ECS/ContainerInsights\",\"NetworkTxBytes\",\"ClusterName\",\"assignment\",\"ServiceName\",\"service1\",{\"id\":\"mm0m0\",\"visible\":false,\"stat\":\"Average\"}]],\"liveData\":false,\"period\":60,\"yAxis\":{\"left\":{\"showUnits\":false,\"label\":\"Bytes/Second\"}}}},{\"type\":\"metric\",\"x\":12,\"y\":0,\"width\":4,\"height\":6,\"properties\":{\"region\":\"ap-south-1\",\"title\":\"Network RX\",\"legend\":{\"position\":\"bottom\"},\"timezone\":\"Local\",\"metrics\":[[{\"id\":\"expr1m0\",\"label\":\"service1\",\"expression\":\"mm0m0\",\"stat\":\"Average\"}],[\"ECS/ContainerInsights\",\"NetworkRxBytes\",\"ClusterName\",\"assignment\",\"ServiceName\",\"service1\",{\"id\":\"mm0m0\",\"visible\":false,\"stat\":\"Average\"}]],\"liveData\":false,\"period\":60,\"yAxis\":{\"left\":{\"showUnits\":false,\"label\":\"Bytes/Second\"}}}},{\"type\":\"metric\",\"x\":16,\"y\":0,\"width\":4,\"height\":6,\"properties\":{\"region\":\"ap-south-1\",\"title\":\"Number of Desired Tasks\",\"legend\":{\"position\":\"bottom\"},\"timezone\":\"Local\",\"metrics\":[[\"ECS/ContainerInsights\",\"DesiredTaskCount\",\"ClusterName\",\"assignment\",\"ServiceName\",\"service1\",{\"stat\":\"Average\"}]],\"liveData\":false,\"period\":60}},{\"type\":\"metric\",\"x\":20,\"y\":0,\"width\":4,\"height\":6,\"properties\":{\"region\":\"ap-south-1\",\"title\":\"Number of Running Tasks\",\"legend\":{\"position\":\"bottom\"},\"timezone\":\"Local\",\"metrics\":[[\"ECS/ContainerInsights\",\"RunningTaskCount\",\"ClusterName\",\"assignment\",\"ServiceName\",\"service1\",{\"stat\":\"Average\"}]],\"liveData\":false,\"period\":60}},{\"type\":\"metric\",\"x\":0,\"y\":6,\"width\":4,\"height\":6,\"properties\":{\"region\":\"ap-south-1\",\"title\":\"Number of Pending Tasks\",\"legend\":{\"position\":\"bottom\"},\"timezone\":\"Local\",\"metrics\":[[\"ECS/ContainerInsights\",\"PendingTaskCount\",\"ClusterName\",\"assignment\",\"ServiceName\",\"service1\",{\"stat\":\"Average\"}]],\"liveData\":false,\"period\":60}},{\"type\":\"metric\",\"x\":4,\"y\":6,\"width\":4,\"height\":6,\"properties\":{\"region\":\"ap-south-1\",\"title\":\"Number of Task Sets\",\"legend\":{\"position\":\"bottom\"},\"timezone\":\"Local\",\"metrics\":[[\"ECS/ContainerInsights\",\"TaskSetCount\",\"ClusterName\",\"assignment\",\"ServiceName\",\"service1\",{\"stat\":\"Average\"}]],\"liveData\":false,\"period\":60}},{\"type\":\"metric\",\"x\":8,\"y\":6,\"width\":4,\"height\":6,\"properties\":{\"region\":\"ap-south-1\",\"title\":\"Number of Deployments\",\"legend\":{\"position\":\"bottom\"},\"timezone\":\"Local\",\"metrics\":[[\"ECS/ContainerInsights\",\"DeploymentCount\",\"ClusterName\",\"assignment\",\"ServiceName\",\"service1\",{\"stat\":\"Average\"}]],\"liveData\":false,\"period\":60}}]}",
            "dashboard_name": "zoominfo_service1",
            "id": "zoominfo_service1"
          },
          "sensitive_attributes": [],
          "private": "bnVsbA=="
        }
      ]
    },
    {
      "mode": "managed",
      "type": "aws_cloudwatch_dashboard",
      "name": "zoominfo_service2",
      "provider": "provider[\"registry.terraform.io/hashicorp/aws\"]",
      "instances": [
        {
          "schema_version": 0,
          "attributes": {
            "dashboard_arn": "arn:aws:cloudwatch::010214337392:dashboard/zoominfo_service2",
            "dashboard_body": "{\"widgets\":[{\"type\":\"metric\",\"x\":0,\"y\":0,\"width\":4,\"height\":6,\"properties\":{\"region\":\"ap-south-1\",\"title\":\"CPU Utilization\",\"legend\":{\"position\":\"bottom\"},\"timezone\":\"Local\",\"metrics\":[[{\"id\":\"expr1m0\",\"label\":\"service2\",\"expression\":\"mm1m0 * 100 / mm0m0\",\"stat\":\"Average\"}],[\"ECS/ContainerInsights\",\"CpuReserved\",\"ClusterName\",\"assignment\",\"ServiceName\",\"service2\",{\"id\":\"mm0m0\",\"visible\":false,\"stat\":\"Sum\"}],[\".\",\"CpuUtilized\",\".\",\".\",\".\",\".\",{\"id\":\"mm1m0\",\"visible\":false,\"stat\":\"Sum\"}]],\"liveData\":false,\"period\":60,\"yAxis\":{\"left\":{\"min\":0,\"showUnits\":false,\"label\":\"Percent\"}}}},{\"type\":\"metric\",\"x\":4,\"y\":0,\"width\":4,\"height\":6,\"properties\":{\"region\":\"ap-south-1\",\"title\":\"Memory Utilization\",\"legend\":{\"position\":\"bottom\"},\"timezone\":\"Local\",\"metrics\":[[{\"id\":\"expr1m0\",\"label\":\"service2\",\"expression\":\"mm1m0 * 100 / mm0m0\",\"stat\":\"Average\"}],[\"ECS/ContainerInsights\",\"MemoryReserved\",\"ClusterName\",\"assignment\",\"ServiceName\",\"service2\",{\"id\":\"mm0m0\",\"visible\":false,\"stat\":\"Sum\"}],[\".\",\"MemoryUtilized\",\".\",\".\",\".\",\".\",{\"id\":\"mm1m0\",\"visible\":false,\"stat\":\"Sum\"}]],\"liveData\":false,\"period\":60,\"yAxis\":{\"left\":{\"min\":0,\"showUnits\":false,\"label\":\"Percent\"}}}},{\"type\":\"metric\",\"x\":8,\"y\":0,\"width\":4,\"height\":6,\"properties\":{\"region\":\"ap-south-1\",\"title\":\"Network TX\",\"legend\":{\"position\":\"bottom\"},\"timezone\":\"Local\",\"metrics\":[[{\"id\":\"expr1m0\",\"label\":\"service2\",\"expression\":\"mm0m0\",\"stat\":\"Average\"}],[\"ECS/ContainerInsights\",\"NetworkTxBytes\",\"ClusterName\",\"assignment\",\"ServiceName\",\"service2\",{\"id\":\"mm0m0\",\"visible\":false,\"stat\":\"Average\"}]],\"liveData\":false,\"period\":60,\"yAxis\":{\"left\":{\"showUnits\":false,\"label\":\"Bytes/Second\"}}}},{\"type\":\"metric\",\"x\":12,\"y\":0,\"width\":4,\"height\":6,\"properties\":{\"region\":\"ap-south-1\",\"title\":\"Network RX\",\"legend\":{\"position\":\"bottom\"},\"timezone\":\"Local\",\"metrics\":[[{\"id\":\"expr1m0\",\"label\":\"service2\",\"expression\":\"mm0m0\",\"stat\":\"Average\"}],[\"ECS/ContainerInsights\",\"NetworkRxBytes\",\"ClusterName\",\"assignment\",\"ServiceName\",\"service2\",{\"id\":\"mm0m0\",\"visible\":false,\"stat\":\"Average\"}]],\"liveData\":false,\"period\":60,\"yAxis\":{\"left\":{\"showUnits\":false,\"label\":\"Bytes/Second\"}}}},{\"type\":\"metric\",\"x\":16,\"y\":0,\"width\":4,\"height\":6,\"properties\":{\"region\":\"ap-south-1\",\"title\":\"Number of Desired Tasks\",\"legend\":{\"position\":\"bottom\"},\"timezone\":\"Local\",\"metrics\":[[\"ECS/ContainerInsights\",\"DesiredTaskCount\",\"ClusterName\",\"assignment\",\"ServiceName\",\"service2\",{\"stat\":\"Average\"}]],\"liveData\":false,\"period\":60}},{\"type\":\"metric\",\"x\":20,\"y\":0,\"width\":4,\"height\":6,\"properties\":{\"region\":\"ap-south-1\",\"title\":\"Number of Running Tasks\",\"legend\":{\"position\":\"bottom\"},\"timezone\":\"Local\",\"metrics\":[[\"ECS/ContainerInsights\",\"RunningTaskCount\",\"ClusterName\",\"assignment\",\"ServiceName\",\"service2\",{\"stat\":\"Average\"}]],\"liveData\":false,\"period\":60}},{\"type\":\"metric\",\"x\":0,\"y\":6,\"width\":4,\"height\":6,\"properties\":{\"region\":\"ap-south-1\",\"title\":\"Number of Pending Tasks\",\"legend\":{\"position\":\"bottom\"},\"timezone\":\"Local\",\"metrics\":[[\"ECS/ContainerInsights\",\"PendingTaskCount\",\"ClusterName\",\"assignment\",\"ServiceName\",\"service2\",{\"stat\":\"Average\"}]],\"liveData\":false,\"period\":60}},{\"type\":\"metric\",\"x\":4,\"y\":6,\"width\":4,\"height\":6,\"properties\":{\"region\":\"ap-south-1\",\"title\":\"Number of Task Sets\",\"legend\":{\"position\":\"bottom\"},\"timezone\":\"Local\",\"metrics\":[[\"ECS/ContainerInsights\",\"TaskSetCount\",\"ClusterName\",\"assignment\",\"ServiceName\",\"service2\",{\"stat\":\"Average\"}]],\"liveData\":false,\"period\":60}},{\"type\":\"metric\",\"x\":8,\"y\":6,\"width\":4,\"height\":6,\"properties\":{\"region\":\"ap-south-1\",\"title\":\"Number of Deployments\",\"legend\":{\"position\":\"bottom\"},\"timezone\":\"Local\",\"metrics\":[[\"ECS/ContainerInsights\",\"DeploymentCount\",\"ClusterName\",\"assignment\",\"ServiceName\",\"service2\",{\"stat\":\"Average\"}]],\"liveData\":false,\"period\":60}}]}",
            "dashboard_name": "zoominfo_service2",
            "id": "zoominfo_service2"
          },
          "sensitive_attributes": [],
          "private": "bnVsbA=="
        }
      ]
    },
    {
      "mode": "managed",
      "type": "aws_cloudwatch_log_group",
      "name": "LogsLogGroup",
      "provider": "provider[\"registry.terraform.io/hashicorp/aws\"]",
      "instances": [
        {
          "schema_version": 0,
          "attributes": {
            "arn": "arn:aws:logs:ap-south-1:010214337392:log-group:/ecs/project_svc1",
            "id": "/ecs/project_svc1",
            "kms_key_id": "",
            "name": "/ecs/project_svc1",
            "name_prefix": null,
            "retention_in_days": 0,
            "tags": {},
            "tags_all": {}
          },
          "sensitive_attributes": [],
          "private": "bnVsbA=="
        }
      ]
    },
    {
      "mode": "managed",
      "type": "aws_cloudwatch_log_group",
      "name": "LogsLogGroup2",
      "provider": "provider[\"registry.terraform.io/hashicorp/aws\"]",
      "instances": [
        {
          "schema_version": 0,
          "attributes": {
            "arn": "arn:aws:logs:ap-south-1:010214337392:log-group:/ecs/project_svc2",
            "id": "/ecs/project_svc2",
            "kms_key_id": "",
            "name": "/ecs/project_svc2",
            "name_prefix": null,
            "retention_in_days": 0,
            "tags": {},
            "tags_all": {}
          },
          "sensitive_attributes": [],
          "private": "bnVsbA=="
        }
      ]
    },
    {
      "mode": "managed",
      "type": "aws_codebuild_project",
      "name": "svc1-build-project",
      "provider": "provider[\"registry.terraform.io/hashicorp/aws\"]",
      "instances": [
        {
          "schema_version": 0,
          "attributes": {
            "arn": "arn:aws:codebuild:ap-south-1:010214337392:project/svc1-tf",
            "artifacts": [
              {
                "artifact_identifier": "",
                "bucket_owner_access": "",
                "encryption_disabled": false,
                "location": "",
                "name": "svc1-tf",
                "namespace_type": "",
                "override_artifact_name": false,
                "packaging": "NONE",
                "path": "",
                "type": "CODEPIPELINE"
              }
            ],
            "badge_enabled": false,
            "badge_url": "",
            "build_batch_config": [],
            "build_timeout": 60,
            "cache": [
              {
                "location": "",
                "modes": [],
                "type": "NO_CACHE"
              }
            ],
            "concurrent_build_limit": 0,
            "description": "service1",
            "encryption_key": "arn:aws:kms:ap-south-1:010214337392:alias/aws/s3",
            "environment": [
              {
                "certificate": "",
                "compute_type": "BUILD_GENERAL1_SMALL",
                "environment_variable": [
                  {
                    "name": "SVC1_REPO",
                    "type": "PLAINTEXT",
                    "value": "010214337392.dkr.ecr.ap-south-1.amazonaws.com/service1"
                  },
                  {
                    "name": "SVC1_NAME",
                    "type": "PLAINTEXT",
                    "value": "service1"
                  },
                  {
                    "name": "SVC1_REPO_ID",
                    "type": "PLAINTEXT",
                    "value": "010214337392"
                  }
                ],
                "image": "aws/codebuild/amazonlinux2-x86_64-standard:4.0",
                "image_pull_credentials_type": "CODEBUILD",
                "privileged_mode": true,
                "registry_credential": [],
                "type": "LINUX_CONTAINER"
              }
            ],
            "file_system_locations": [],
            "id": "arn:aws:codebuild:ap-south-1:010214337392:project/svc1-tf",
            "logs_config": [
              {
                "cloudwatch_logs": [
                  {
                    "group_name": "log-group",
                    "status": "ENABLED",
                    "stream_name": "log-stream"
                  }
                ],
                "s3_logs": [
                  {
                    "bucket_owner_access": "",
                    "encryption_disabled": false,
                    "location": "",
                    "status": "DISABLED"
                  }
                ]
              }
            ],
            "name": "svc1-tf",
            "project_visibility": "PRIVATE",
            "public_project_alias": "",
            "queued_timeout": 480,
            "resource_access_role": "",
            "secondary_artifacts": [],
            "secondary_source_version": [],
            "secondary_sources": [],
            "service_role": "arn:aws:iam::010214337392:role/svc-build-zi",
            "source": [
              {
                "auth": [],
                "build_status_config": [],
                "buildspec": "buildspec.yml",
                "git_clone_depth": 0,
                "git_submodules_config": [],
                "insecure_ssl": false,
                "location": "",
                "report_build_status": false,
                "type": "CODEPIPELINE"
              }
            ],
            "source_version": "",
            "tags": {
              "Environment": "svc1"
            },
            "tags_all": {
              "Environment": "svc1"
            },
            "vpc_config": []
          },
          "sensitive_attributes": [],
          "private": "bnVsbA==",
          "dependencies": [
            "aws_ecr_repository.ECRRepository-svc2",
            "aws_iam_role.build_role"
          ]
        }
      ]
    },
    {
      "mode": "managed",
      "type": "aws_codebuild_project",
      "name": "svc2-build-project",
      "provider": "provider[\"registry.terraform.io/hashicorp/aws\"]",
      "instances": [
        {
          "schema_version": 0,
          "attributes": {
            "arn": "arn:aws:codebuild:ap-south-1:010214337392:project/svc2-tf",
            "artifacts": [
              {
                "artifact_identifier": "",
                "bucket_owner_access": "",
                "encryption_disabled": false,
                "location": "",
                "name": "svc2-tf",
                "namespace_type": "",
                "override_artifact_name": false,
                "packaging": "NONE",
                "path": "",
                "type": "CODEPIPELINE"
              }
            ],
            "badge_enabled": false,
            "badge_url": "",
            "build_batch_config": [],
            "build_timeout": 60,
            "cache": [
              {
                "location": "",
                "modes": [],
                "type": "NO_CACHE"
              }
            ],
            "concurrent_build_limit": 0,
            "description": "service2",
            "encryption_key": "arn:aws:kms:ap-south-1:010214337392:alias/aws/s3",
            "environment": [
              {
                "certificate": "",
                "compute_type": "BUILD_GENERAL1_SMALL",
                "environment_variable": [
                  {
                    "name": "SVC2_REPO",
                    "type": "PLAINTEXT",
                    "value": "010214337392.dkr.ecr.ap-south-1.amazonaws.com/service2"
                  },
                  {
                    "name": "SVC2_NAME",
                    "type": "PLAINTEXT",
                    "value": "service2"
                  },
                  {
                    "name": "SVC2_REPO_ID",
                    "type": "PLAINTEXT",
                    "value": "010214337392"
                  }
                ],
                "image": "aws/codebuild/amazonlinux2-x86_64-standard:4.0",
                "image_pull_credentials_type": "CODEBUILD",
                "privileged_mode": true,
                "registry_credential": [],
                "type": "LINUX_CONTAINER"
              }
            ],
            "file_system_locations": [],
            "id": "arn:aws:codebuild:ap-south-1:010214337392:project/svc2-tf",
            "logs_config": [
              {
                "cloudwatch_logs": [
                  {
                    "group_name": "log-group",
                    "status": "ENABLED",
                    "stream_name": "log-stream"
                  }
                ],
                "s3_logs": [
                  {
                    "bucket_owner_access": "",
                    "encryption_disabled": false,
                    "location": "",
                    "status": "DISABLED"
                  }
                ]
              }
            ],
            "name": "svc2-tf",
            "project_visibility": "PRIVATE",
            "public_project_alias": "",
            "queued_timeout": 480,
            "resource_access_role": "",
            "secondary_artifacts": [],
            "secondary_source_version": [],
            "secondary_sources": [],
            "service_role": "arn:aws:iam::010214337392:role/svc-build-zi",
            "source": [
              {
                "auth": [],
                "build_status_config": [],
                "buildspec": "buildspec.yml",
                "git_clone_depth": 0,
                "git_submodules_config": [],
                "insecure_ssl": false,
                "location": "",
                "report_build_status": false,
                "type": "CODEPIPELINE"
              }
            ],
            "source_version": "",
            "tags": {
              "Environment": "svc2"
            },
            "tags_all": {
              "Environment": "svc2"
            },
            "vpc_config": []
          },
          "sensitive_attributes": [],
          "private": "bnVsbA==",
          "dependencies": [
            "aws_ecr_repository.ECRRepository-svc1",
            "aws_iam_role.build_role"
          ]
        }
      ]
    },
    {
      "mode": "managed",
      "type": "aws_codepipeline",
      "name": "CodePipelinePipeline",
      "provider": "provider[\"registry.terraform.io/hashicorp/aws\"]",
      "instances": [
        {
          "schema_version": 0,
          "attributes": {
            "arn": "arn:aws:codepipeline:ap-south-1:010214337392:zoominfo_svc1",
            "artifact_store": [
              {
                "encryption_key": [],
                "location": "code-pipeline-svc",
                "region": "",
                "type": "S3"
              }
            ],
            "id": "zoominfo_svc1",
            "name": "zoominfo_svc1",
            "role_arn": "arn:aws:iam::010214337392:role/svc-code-pipeline-zi",
            "stage": [
              {
                "action": [
                  {
                    "category": "Source",
                    "configuration": {
                      "BranchName": "main",
                      "ConnectionArn": "arn:aws:codestar-connections:ap-south-1:010214337392:connection/1f898243-645e-40df-82e9-97587ee5800c",
                      "FullRepositoryId": "ravikumarcloudcka/svc1-tf",
                      "OutputArtifactFormat": "CODE_ZIP"
                    },
                    "input_artifacts": [],
                    "name": "Source",
                    "namespace": "",
                    "output_artifacts": [
                      "SourceArtifact"
                    ],
                    "owner": "AWS",
                    "provider": "CodeStarSourceConnection",
                    "region": "",
                    "role_arn": "",
                    "run_order": 1,
                    "version": "1"
                  }
                ],
                "name": "Source"
              },
              {
                "action": [
                  {
                    "category": "Build",
                    "configuration": {
                      "ProjectName": "svc1-tf"
                    },
                    "input_artifacts": [
                      "SourceArtifact"
                    ],
                    "name": "Build",
                    "namespace": "",
                    "output_artifacts": [
                      "BuildArtifact"
                    ],
                    "owner": "AWS",
                    "provider": "CodeBuild",
                    "region": "",
                    "role_arn": "",
                    "run_order": 1,
                    "version": "1"
                  }
                ],
                "name": "Build"
              },
              {
                "action": [
                  {
                    "category": "Deploy",
                    "configuration": {
                      "ClusterName": "assignment",
                      "FileName": "imagedefinitions.json",
                      "ServiceName": "service1"
                    },
                    "input_artifacts": [
                      "BuildArtifact"
                    ],
                    "name": "Deploy",
                    "namespace": "",
                    "output_artifacts": [],
                    "owner": "AWS",
                    "provider": "ECS",
                    "region": "",
                    "role_arn": "",
                    "run_order": 1,
                    "version": "1"
                  }
                ],
                "name": "Deploy"
              }
            ],
            "tags": {},
            "tags_all": {}
          },
          "sensitive_attributes": [],
          "private": "bnVsbA==",
          "dependencies": [
            "aws_codebuild_project.svc1-build-project",
            "aws_codestarconnections_connection.github_act",
            "aws_ecr_repository.ECRRepository-svc2",
            "aws_iam_role.build_role",
            "aws_iam_role.code_pipeline_role",
            "aws_s3_bucket.codepipeline_bucket"
          ]
        }
      ]
    },
    {
      "mode": "managed",
      "type": "aws_codepipeline",
      "name": "CodePipelinePipeline2",
      "provider": "provider[\"registry.terraform.io/hashicorp/aws\"]",
      "instances": [
        {
          "schema_version": 0,
          "attributes": {
            "arn": "arn:aws:codepipeline:ap-south-1:010214337392:zoominfo_svc2",
            "artifact_store": [
              {
                "encryption_key": [],
                "location": "code-pipeline-svc",
                "region": "",
                "type": "S3"
              }
            ],
            "id": "zoominfo_svc2",
            "name": "zoominfo_svc2",
            "role_arn": "arn:aws:iam::010214337392:role/svc-code-pipeline-zi",
            "stage": [
              {
                "action": [
                  {
                    "category": "Source",
                    "configuration": {
                      "BranchName": "main",
                      "ConnectionArn": "arn:aws:codestar-connections:ap-south-1:010214337392:connection/1f898243-645e-40df-82e9-97587ee5800c",
                      "FullRepositoryId": "ravikumarcloudcka/svc2-tf",
                      "OutputArtifactFormat": "CODE_ZIP"
                    },
                    "input_artifacts": [],
                    "name": "Source",
                    "namespace": "",
                    "output_artifacts": [
                      "SourceArtifact"
                    ],
                    "owner": "AWS",
                    "provider": "CodeStarSourceConnection",
                    "region": "",
                    "role_arn": "",
                    "run_order": 1,
                    "version": "1"
                  }
                ],
                "name": "Source"
              },
              {
                "action": [
                  {
                    "category": "Build",
                    "configuration": {
                      "ProjectName": "svc2-tf"
                    },
                    "input_artifacts": [
                      "SourceArtifact"
                    ],
                    "name": "Build",
                    "namespace": "",
                    "output_artifacts": [
                      "BuildArtifact"
                    ],
                    "owner": "AWS",
                    "provider": "CodeBuild",
                    "region": "",
                    "role_arn": "",
                    "run_order": 1,
                    "version": "1"
                  }
                ],
                "name": "Build"
              },
              {
                "action": [
                  {
                    "category": "Deploy",
                    "configuration": {
                      "ClusterName": "assignment",
                      "FileName": "imagedefinitions.json",
                      "ServiceName": "service2"
                    },
                    "input_artifacts": [
                      "BuildArtifact"
                    ],
                    "name": "Deploy",
                    "namespace": "",
                    "output_artifacts": [],
                    "owner": "AWS",
                    "provider": "ECS",
                    "region": "",
                    "role_arn": "",
                    "run_order": 1,
                    "version": "1"
                  }
                ],
                "name": "Deploy"
              }
            ],
            "tags": {},
            "tags_all": {}
          },
          "sensitive_attributes": [],
          "private": "bnVsbA==",
          "dependencies": [
            "aws_codebuild_project.svc2-build-project",
            "aws_codestarconnections_connection.github_act",
            "aws_ecr_repository.ECRRepository-svc1",
            "aws_iam_role.build_role",
            "aws_iam_role.code_pipeline_role",
            "aws_s3_bucket.codepipeline_bucket"
          ]
        }
      ]
    },
    {
      "mode": "managed",
      "type": "aws_codestarconnections_connection",
      "name": "github_act",
      "provider": "provider[\"registry.terraform.io/hashicorp/aws\"]",
      "instances": [
        {
          "schema_version": 0,
          "attributes": {
            "arn": "arn:aws:codestar-connections:ap-south-1:010214337392:connection/1f898243-645e-40df-82e9-97587ee5800c",
            "connection_status": "AVAILABLE",
            "host_arn": "",
            "id": "arn:aws:codestar-connections:ap-south-1:010214337392:connection/1f898243-645e-40df-82e9-97587ee5800c",
            "name": "ravikumarcloudcka",
            "provider_type": "GitHub",
            "tags": {},
            "tags_all": {}
          },
          "sensitive_attributes": [],
          "private": "bnVsbA=="
        }
      ]
    },
    {
      "mode": "managed",
      "type": "aws_ecr_repository",
      "name": "ECRRepository-svc1",
      "provider": "provider[\"registry.terraform.io/hashicorp/aws\"]",
      "instances": [
        {
          "schema_version": 0,
          "attributes": {
            "arn": "arn:aws:ecr:ap-south-1:010214337392:repository/service2",
            "encryption_configuration": [
              {
                "encryption_type": "AES256",
                "kms_key": ""
              }
            ],
            "id": "service2",
            "image_scanning_configuration": [
              {
                "scan_on_push": false
              }
            ],
            "image_tag_mutability": "MUTABLE",
            "name": "service2",
            "registry_id": "010214337392",
            "repository_url": "010214337392.dkr.ecr.ap-south-1.amazonaws.com/service2",
            "tags": {},
            "tags_all": {},
            "timeouts": null
          },
          "sensitive_attributes": [],
          "private": "eyJlMmJmYjczMC1lY2FhLTExZTYtOGY4OC0zNDM2M2JjN2M0YzAiOnsiZGVsZXRlIjoxMjAwMDAwMDAwMDAwfX0="
        }
      ]
    },
    {
      "mode": "managed",
      "type": "aws_ecr_repository",
      "name": "ECRRepository-svc2",
      "provider": "provider[\"registry.terraform.io/hashicorp/aws\"]",
      "instances": [
        {
          "schema_version": 0,
          "attributes": {
            "arn": "arn:aws:ecr:ap-south-1:010214337392:repository/service1",
            "encryption_configuration": [
              {
                "encryption_type": "AES256",
                "kms_key": ""
              }
            ],
            "id": "service1",
            "image_scanning_configuration": [
              {
                "scan_on_push": false
              }
            ],
            "image_tag_mutability": "MUTABLE",
            "name": "service1",
            "registry_id": "010214337392",
            "repository_url": "010214337392.dkr.ecr.ap-south-1.amazonaws.com/service1",
            "tags": {},
            "tags_all": {},
            "timeouts": null
          },
          "sensitive_attributes": [],
          "private": "eyJlMmJmYjczMC1lY2FhLTExZTYtOGY4OC0zNDM2M2JjN2M0YzAiOnsiZGVsZXRlIjoxMjAwMDAwMDAwMDAwfX0="
        }
      ]
    },
    {
      "mode": "managed",
      "type": "aws_ecs_cluster",
      "name": "ECSCluster",
      "provider": "provider[\"registry.terraform.io/hashicorp/aws\"]",
      "instances": [
        {
          "schema_version": 0,
          "attributes": {
            "arn": "arn:aws:ecs:ap-south-1:010214337392:cluster/assignment",
            "capacity_providers": [],
            "configuration": [],
            "default_capacity_provider_strategy": [],
            "id": "arn:aws:ecs:ap-south-1:010214337392:cluster/assignment",
            "name": "assignment",
            "setting": [
              {
                "name": "containerInsights",
                "value": "enabled"
              }
            ],
            "tags": {},
            "tags_all": {}
          },
          "sensitive_attributes": [],
          "private": "bnVsbA=="
        }
      ]
    },
    {
      "mode": "managed",
      "type": "aws_ecs_service",
      "name": "ECSService",
      "provider": "provider[\"registry.terraform.io/hashicorp/aws\"]",
      "instances": [
        {
          "schema_version": 0,
          "attributes": {
            "capacity_provider_strategy": [],
            "cluster": "arn:aws:ecs:ap-south-1:010214337392:cluster/assignment",
            "deployment_circuit_breaker": [
              {
                "enable": false,
                "rollback": false
              }
            ],
            "deployment_controller": [
              {
                "type": "ECS"
              }
            ],
            "deployment_maximum_percent": 200,
            "deployment_minimum_healthy_percent": 100,
            "desired_count": 2,
            "enable_ecs_managed_tags": false,
            "enable_execute_command": false,
            "force_new_deployment": null,
            "health_check_grace_period_seconds": 5,
            "iam_role": "aws-service-role",
            "id": "arn:aws:ecs:ap-south-1:010214337392:service/assignment/service1",
            "launch_type": "FARGATE",
            "load_balancer": [
              {
                "container_name": "service1",
                "container_port": 8080,
                "elb_name": "",
                "target_group_arn": "arn:aws:elasticloadbalancing:ap-south-1:010214337392:targetgroup/ecs-assign-service1/a9d22b7f22c48f1f"
              }
            ],
            "name": "service1",
            "network_configuration": [
              {
                "assign_public_ip": false,
                "security_groups": [
                  "sg-09b4671b138f7e09b"
                ],
                "subnets": [
                  "subnet-02a8622450f0729c4",
                  "subnet-043025eebcd4ac975"
                ]
              }
            ],
            "ordered_placement_strategy": [],
            "placement_constraints": [],
            "platform_version": "LATEST",
            "propagate_tags": "NONE",
            "scheduling_strategy": "REPLICA",
            "service_registries": [],
            "tags": {},
            "tags_all": {},
            "task_definition": "arn:aws:ecs:ap-south-1:010214337392:task-definition/project_svc1:7",
            "timeouts": null,
            "wait_for_steady_state": false
          },
          "sensitive_attributes": [],
          "private": "eyJlMmJmYjczMC1lY2FhLTExZTYtOGY4OC0zNDM2M2JjN2M0YzAiOnsiZGVsZXRlIjoxMjAwMDAwMDAwMDAwfX0=",
          "dependencies": [
            "aws_ecr_repository.ECRRepository-svc2",
            "aws_ecs_cluster.ECSCluster",
            "aws_ecs_task_definition.ECSTaskDefinition2",
            "aws_iam_role.IAMRole",
            "aws_lb_target_group.ElasticLoadBalancingV2TargetGroup",
            "aws_security_group.svc1-SecurityGroup",
            "aws_subnet.Subnet2-Private",
            "aws_subnet.Subnet3-Private",
            "aws_vpc.ZIVPC"
          ]
        }
      ]
    },
    {
      "mode": "managed",
      "type": "aws_ecs_service",
      "name": "ECSService2",
      "provider": "provider[\"registry.terraform.io/hashicorp/aws\"]",
      "instances": [
        {
          "schema_version": 0,
          "attributes": {
            "capacity_provider_strategy": [],
            "cluster": "arn:aws:ecs:ap-south-1:010214337392:cluster/assignment",
            "deployment_circuit_breaker": [
              {
                "enable": false,
                "rollback": false
              }
            ],
            "deployment_controller": [
              {
                "type": "ECS"
              }
            ],
            "deployment_maximum_percent": 200,
            "deployment_minimum_healthy_percent": 100,
            "desired_count": 2,
            "enable_ecs_managed_tags": false,
            "enable_execute_command": false,
            "force_new_deployment": null,
            "health_check_grace_period_seconds": 5,
            "iam_role": "aws-service-role",
            "id": "arn:aws:ecs:ap-south-1:010214337392:service/assignment/service2",
            "launch_type": "FARGATE",
            "load_balancer": [
              {
                "container_name": "service2",
                "container_port": 9090,
                "elb_name": "",
                "target_group_arn": "arn:aws:elasticloadbalancing:ap-south-1:010214337392:targetgroup/ecs-assign-service2/05cffe92c8da5cb9"
              }
            ],
            "name": "service2",
            "network_configuration": [
              {
                "assign_public_ip": false,
                "security_groups": [
                  "sg-0614938e5643c2dd9"
                ],
                "subnets": [
                  "subnet-02a8622450f0729c4",
                  "subnet-043025eebcd4ac975"
                ]
              }
            ],
            "ordered_placement_strategy": [],
            "placement_constraints": [],
            "platform_version": "LATEST",
            "propagate_tags": "NONE",
            "scheduling_strategy": "REPLICA",
            "service_registries": [],
            "tags": {},
            "tags_all": {},
            "task_definition": "arn:aws:ecs:ap-south-1:010214337392:task-definition/project_svc2:7",
            "timeouts": null,
            "wait_for_steady_state": false
          },
          "sensitive_attributes": [],
          "private": "eyJlMmJmYjczMC1lY2FhLTExZTYtOGY4OC0zNDM2M2JjN2M0YzAiOnsiZGVsZXRlIjoxMjAwMDAwMDAwMDAwfX0=",
          "dependencies": [
            "aws_ecr_repository.ECRRepository-svc1",
            "aws_ecs_cluster.ECSCluster",
            "aws_ecs_task_definition.ECSTaskDefinition",
            "aws_iam_role.IAMRole",
            "aws_lb_target_group.ElasticLoadBalancingV2TargetGroup2",
            "aws_security_group.svc2-SecurityGroup",
            "aws_subnet.Subnet2-Private",
            "aws_subnet.Subnet3-Private",
            "aws_vpc.ZIVPC"
          ]
        }
      ]
    },
    {
      "mode": "managed",
      "type": "aws_ecs_task_definition",
      "name": "ECSTaskDefinition",
      "provider": "provider[\"registry.terraform.io/hashicorp/aws\"]",
      "instances": [
        {
          "schema_version": 1,
          "attributes": {
            "arn": "arn:aws:ecs:ap-south-1:010214337392:task-definition/project_svc2:7",
            "container_definitions": "[{\"cpu\":0,\"environment\":[],\"essential\":true,\"image\":\"010214337392.dkr.ecr.ap-south-1.amazonaws.com/service2:latest\",\"logConfiguration\":{\"logDriver\":\"awslogs\",\"options\":{\"awslogs-group\":\"/ecs/project_svc2\",\"awslogs-region\":\"ap-south-1\",\"awslogs-stream-prefix\":\"ecs\"}},\"memoryReservation\":512,\"mountPoints\":[],\"name\":\"service2\",\"portMappings\":[{\"containerPort\":9090,\"hostPort\":9090,\"protocol\":\"tcp\"}],\"volumesFrom\":[]}]",
            "cpu": "512",
            "ephemeral_storage": [],
            "execution_role_arn": "arn:aws:iam::010214337392:role/ecsTaskExecutionRole",
            "family": "project_svc2",
            "id": "project_svc2",
            "inference_accelerator": [],
            "ipc_mode": "",
            "memory": "1024",
            "network_mode": "awsvpc",
            "pid_mode": "",
            "placement_constraints": [],
            "proxy_configuration": [],
            "requires_compatibilities": [
              "FARGATE"
            ],
            "revision": 7,
            "runtime_platform": [],
            "skip_destroy": false,
            "tags": {},
            "tags_all": {},
            "task_role_arn": "arn:aws:iam::010214337392:role/ecsTaskExecutionRole",
            "volume": []
          },
          "sensitive_attributes": [],
          "private": "eyJzY2hlbWFfdmVyc2lvbiI6IjEifQ==",
          "dependencies": [
            "aws_ecr_repository.ECRRepository-svc1",
            "aws_iam_role.IAMRole"
          ]
        }
      ]
    },
    {
      "mode": "managed",
      "type": "aws_ecs_task_definition",
      "name": "ECSTaskDefinition2",
      "provider": "provider[\"registry.terraform.io/hashicorp/aws\"]",
      "instances": [
        {
          "schema_version": 1,
          "attributes": {
            "arn": "arn:aws:ecs:ap-south-1:010214337392:task-definition/project_svc1:7",
            "container_definitions": "[{\"cpu\":0,\"environment\":[],\"essential\":true,\"image\":\"010214337392.dkr.ecr.ap-south-1.amazonaws.com/service1:latest\",\"logConfiguration\":{\"logDriver\":\"awslogs\",\"options\":{\"awslogs-group\":\"/ecs/project_svc1\",\"awslogs-region\":\"ap-south-1\",\"awslogs-stream-prefix\":\"ecs\"}},\"memoryReservation\":512,\"mountPoints\":[],\"name\":\"service1\",\"portMappings\":[{\"containerPort\":8080,\"hostPort\":8080,\"protocol\":\"tcp\"}],\"volumesFrom\":[]}]",
            "cpu": "512",
            "ephemeral_storage": [],
            "execution_role_arn": "arn:aws:iam::010214337392:role/ecsTaskExecutionRole",
            "family": "project_svc1",
            "id": "project_svc1",
            "inference_accelerator": [],
            "ipc_mode": "",
            "memory": "1024",
            "network_mode": "awsvpc",
            "pid_mode": "",
            "placement_constraints": [],
            "proxy_configuration": [],
            "requires_compatibilities": [
              "FARGATE"
            ],
            "revision": 7,
            "runtime_platform": [],
            "skip_destroy": false,
            "tags": {},
            "tags_all": {},
            "task_role_arn": "arn:aws:iam::010214337392:role/ecsTaskExecutionRole",
            "volume": []
          },
          "sensitive_attributes": [],
          "private": "eyJzY2hlbWFfdmVyc2lvbiI6IjEifQ==",
          "dependencies": [
            "aws_ecr_repository.ECRRepository-svc2",
            "aws_iam_role.IAMRole"
          ]
        }
      ]
    },
    {
      "mode": "managed",
      "type": "aws_eip",
      "name": "NATGWEIP",
      "provider": "provider[\"registry.terraform.io/hashicorp/aws\"]",
      "instances": [
        {
          "schema_version": 0,
          "attributes": {
            "address": null,
            "allocation_id": "eipalloc-0854fa2b5d09212af",
            "associate_with_private_ip": null,
            "association_id": "eipassoc-0442756209f155103",
            "carrier_ip": "",
            "customer_owned_ip": "",
            "customer_owned_ipv4_pool": "",
            "domain": "vpc",
            "id": "eipalloc-0854fa2b5d09212af",
            "instance": "",
            "network_border_group": "ap-south-1",
            "network_interface": "eni-0e7cb55b7f6ff7175",
            "private_dns": "ip-172-20-0-26.ap-south-1.compute.internal",
            "private_ip": "172.20.0.26",
            "public_dns": "ec2-3-109-253-36.ap-south-1.compute.amazonaws.com",
            "public_ip": "3.109.253.36",
            "public_ipv4_pool": "amazon",
            "tags": {},
            "tags_all": {},
            "timeouts": null,
            "vpc": true
          },
          "sensitive_attributes": [],
          "private": "eyJlMmJmYjczMC1lY2FhLTExZTYtOGY4OC0zNDM2M2JjN2M0YzAiOnsiZGVsZXRlIjoxODAwMDAwMDAwMDAsInJlYWQiOjkwMDAwMDAwMDAwMCwidXBkYXRlIjozMDAwMDAwMDAwMDB9fQ=="
        }
      ]
    },
    {
      "mode": "managed",
      "type": "aws_iam_role",
      "name": "IAMRole",
      "provider": "provider[\"registry.terraform.io/hashicorp/aws\"]",
      "instances": [
        {
          "schema_version": 0,
          "attributes": {
            "arn": "arn:aws:iam::010214337392:role/ecsTaskExecutionRole",
            "assume_role_policy": "{\"Version\":\"2008-10-17\",\"Statement\":[{\"Sid\":\"\",\"Effect\":\"Allow\",\"Principal\":{\"Service\":\"ecs-tasks.amazonaws.com\"},\"Action\":\"sts:AssumeRole\"}]}",
            "create_date": "2022-10-27T06:49:39Z",
            "description": "",
            "force_detach_policies": false,
            "id": "ecsTaskExecutionRole",
            "inline_policy": [
              {
                "name": "",
                "policy": ""
              }
            ],
            "managed_policy_arns": [
              "arn:aws:iam::aws:policy/AmazonEC2ContainerRegistryFullAccess",
              "arn:aws:iam::aws:policy/AmazonECS_FullAccess",
              "arn:aws:iam::aws:policy/CloudWatchFullAccess"
            ],
            "max_session_duration": 3600,
            "name": "ecsTaskExecutionRole",
            "name_prefix": "",
            "path": "/",
            "permissions_boundary": null,
            "tags": {},
            "tags_all": {},
            "unique_id": "AROAQEYGSNNYLP2M4MRB6"
          },
          "sensitive_attributes": [],
          "private": "bnVsbA=="
        }
      ]
    },
    {
      "mode": "managed",
      "type": "aws_iam_role",
      "name": "build_role",
      "provider": "provider[\"registry.terraform.io/hashicorp/aws\"]",
      "instances": [
        {
          "schema_version": 0,
          "attributes": {
            "arn": "arn:aws:iam::010214337392:role/svc-build-zi",
            "assume_role_policy": "{\"Version\":\"2012-10-17\",\"Statement\":[{\"Effect\":\"Allow\",\"Principal\":{\"Service\":\"codebuild.amazonaws.com\"},\"Action\":\"sts:AssumeRole\"}]}",
            "create_date": "2022-10-27T06:49:37Z",
            "description": "",
            "force_detach_policies": false,
            "id": "svc-build-zi",
            "inline_policy": [
              {
                "name": "terraform-20221027064944602200000002",
                "policy": "{\n    \"Version\": \"2012-10-17\",\n    \"Statement\": [\n        {\n            \"Effect\": \"Allow\",\n            \"Action\": [\n                \"ecr:GetAuthorizationToken\",\n                \"ecr:BatchCheckLayerAvailability\",\n                \"ecr:GetDownloadUrlForLayer\",\n                \"ecr:GetRepositoryPolicy\",\n                \"ecr:DescribeRepositories\",\n                \"ecr:ListImages\",\n                \"ecr:DescribeImages\",\n                \"ecr:BatchGetImage\",\n                \"ecr:GetLifecyclePolicy\",\n                \"ecr:GetLifecyclePolicyPreview\",\n                \"ecr:ListTagsForResource\",\n                \"ecr:DescribeImageScanFindings\",\n                \"ecr:InitiateLayerUpload\",\n                \"ecr:UploadLayerPart\",\n                \"ecr:CompleteLayerUpload\",\n                \"ecr:PutImage\"\n            ],\n            \"Resource\": \"*\"\n        }\n    ]\n}\n"
              },
              {
                "name": "terraform-20221027064945126500000003",
                "policy": "{\n    \"Version\": \"2012-10-17\",\n    \"Statement\": [\n        {\n            \"Effect\": \"Allow\",\n            \"Resource\": \"*\",\n            \"Action\": [\n                \"logs:CreateLogGroup\",\n                \"logs:CreateLogStream\",\n                \"logs:PutLogEvents\"\n            ]\n        },\n        {\n            \"Effect\": \"Allow\",\n            \"Resource\": [\n                \"*\"\n            ],\n            \"Action\": [\n                \"s3:PutObject\",\n                \"s3:GetObject\",\n                \"s3:GetObjectVersion\",\n                \"s3:GetBucketAcl\",\n                \"s3:GetBucketLocation\"\n            ]\n        },\n        {\n            \"Effect\": \"Allow\",\n            \"Action\": [\n                \"codebuild:CreateReportGroup\",\n                \"codebuild:CreateReport\",\n                \"codebuild:UpdateReport\",\n                \"codebuild:BatchPutTestCases\",\n                \"codebuild:BatchPutCodeCoverages\"\n            ],\n            \"Resource\": \"*\"\n        }\n    ]\n}\n"
              }
            ],
            "managed_policy_arns": [],
            "max_session_duration": 3600,
            "name": "svc-build-zi",
            "name_prefix": "",
            "path": "/",
            "permissions_boundary": null,
            "tags": {},
            "tags_all": {},
            "unique_id": "AROAQEYGSNNYFUUYTYYO5"
          },
          "sensitive_attributes": [],
          "private": "bnVsbA=="
        }
      ]
    },
    {
      "mode": "managed",
      "type": "aws_iam_role",
      "name": "code_pipeline_role",
      "provider": "provider[\"registry.terraform.io/hashicorp/aws\"]",
      "instances": [
        {
          "schema_version": 0,
          "attributes": {
            "arn": "arn:aws:iam::010214337392:role/svc-code-pipeline-zi",
            "assume_role_policy": "{\"Version\":\"2012-10-17\",\"Statement\":[{\"Effect\":\"Allow\",\"Principal\":{\"Service\":\"codepipeline.amazonaws.com\"},\"Action\":\"sts:AssumeRole\"}]}",
            "create_date": "2022-10-27T06:49:39Z",
            "description": "",
            "force_detach_policies": false,
            "id": "svc-code-pipeline-zi",
            "inline_policy": [
              {
                "name": "terraform-20221027064946871600000004",
                "policy": "{\n    \"Statement\": [\n        {\n            \"Action\": [\n                \"iam:PassRole\"\n            ],\n            \"Resource\": \"*\",\n            \"Effect\": \"Allow\",\n            \"Condition\": {\n                \"StringEqualsIfExists\": {\n                    \"iam:PassedToService\": [\n                        \"cloudformation.amazonaws.com\",\n                        \"elasticbeanstalk.amazonaws.com\",\n                        \"ec2.amazonaws.com\",\n                        \"ecs-tasks.amazonaws.com\"\n                    ]\n                }\n            }\n        },\n        {\n            \"Action\": [\n                \"codecommit:CancelUploadArchive\",\n                \"codecommit:GetBranch\",\n                \"codecommit:GetCommit\",\n                \"codecommit:GetRepository\",\n                \"codecommit:GetUploadArchiveStatus\",\n                \"codecommit:UploadArchive\"\n            ],\n            \"Resource\": \"*\",\n            \"Effect\": \"Allow\"\n        },\n        {\n            \"Action\": [\n                \"codedeploy:CreateDeployment\",\n                \"codedeploy:GetApplication\",\n                \"codedeploy:GetApplicationRevision\",\n                \"codedeploy:GetDeployment\",\n                \"codedeploy:GetDeploymentConfig\",\n                \"codedeploy:RegisterApplicationRevision\"\n            ],\n            \"Resource\": \"*\",\n            \"Effect\": \"Allow\"\n        },\n        {\n            \"Action\": [\n                \"codestar-connections:UseConnection\"\n            ],\n            \"Resource\": \"*\",\n            \"Effect\": \"Allow\"\n        },\n        {\n            \"Action\": [\n                \"elasticbeanstalk:*\",\n                \"ec2:*\",\n                \"elasticloadbalancing:*\",\n                \"autoscaling:*\",\n                \"cloudwatch:*\",\n                \"s3:*\",\n                \"sns:*\",\n                \"cloudformation:*\",\n                \"rds:*\",\n                \"sqs:*\",\n                \"ecs:*\"\n            ],\n            \"Resource\": \"*\",\n            \"Effect\": \"Allow\"\n        },\n        {\n            \"Action\": [\n                \"lambda:InvokeFunction\",\n                \"lambda:ListFunctions\"\n            ],\n            \"Resource\": \"*\",\n            \"Effect\": \"Allow\"\n        },\n        {\n            \"Action\": [\n                \"opsworks:CreateDeployment\",\n                \"opsworks:DescribeApps\",\n                \"opsworks:DescribeCommands\",\n                \"opsworks:DescribeDeployments\",\n                \"opsworks:DescribeInstances\",\n                \"opsworks:DescribeStacks\",\n                \"opsworks:UpdateApp\",\n                \"opsworks:UpdateStack\"\n            ],\n            \"Resource\": \"*\",\n            \"Effect\": \"Allow\"\n        },\n        {\n            \"Action\": [\n                \"cloudformation:CreateStack\",\n                \"cloudformation:DeleteStack\",\n                \"cloudformation:DescribeStacks\",\n                \"cloudformation:UpdateStack\",\n                \"cloudformation:CreateChangeSet\",\n                \"cloudformation:DeleteChangeSet\",\n                \"cloudformation:DescribeChangeSet\",\n                \"cloudformation:ExecuteChangeSet\",\n                \"cloudformation:SetStackPolicy\",\n                \"cloudformation:ValidateTemplate\"\n            ],\n            \"Resource\": \"*\",\n            \"Effect\": \"Allow\"\n        },\n        {\n            \"Action\": [\n                \"codebuild:BatchGetBuilds\",\n                \"codebuild:StartBuild\",\n                \"codebuild:BatchGetBuildBatches\",\n                \"codebuild:StartBuildBatch\"\n            ],\n            \"Resource\": \"*\",\n            \"Effect\": \"Allow\"\n        },\n        {\n            \"Effect\": \"Allow\",\n            \"Action\": [\n                \"devicefarm:ListProjects\",\n                \"devicefarm:ListDevicePools\",\n                \"devicefarm:GetRun\",\n                \"devicefarm:GetUpload\",\n                \"devicefarm:CreateUpload\",\n                \"devicefarm:ScheduleRun\"\n            ],\n            \"Resource\": \"*\"\n        },\n        {\n            \"Effect\": \"Allow\",\n            \"Action\": [\n                \"servicecatalog:ListProvisioningArtifacts\",\n                \"servicecatalog:CreateProvisioningArtifact\",\n                \"servicecatalog:DescribeProvisioningArtifact\",\n                \"servicecatalog:DeleteProvisioningArtifact\",\n                \"servicecatalog:UpdateProduct\"\n            ],\n            \"Resource\": \"*\"\n        },\n        {\n            \"Effect\": \"Allow\",\n            \"Action\": [\n                \"cloudformation:ValidateTemplate\"\n            ],\n            \"Resource\": \"*\"\n        },\n        {\n            \"Effect\": \"Allow\",\n            \"Action\": [\n                \"ecr:DescribeImages\"\n            ],\n            \"Resource\": \"*\"\n        },\n        {\n            \"Effect\": \"Allow\",\n            \"Action\": [\n                \"states:DescribeExecution\",\n                \"states:DescribeStateMachine\",\n                \"states:StartExecution\"\n            ],\n            \"Resource\": \"*\"\n        },\n        {\n            \"Effect\": \"Allow\",\n            \"Action\": [\n                \"appconfig:StartDeployment\",\n                \"appconfig:StopDeployment\",\n                \"appconfig:GetDeployment\"\n            ],\n            \"Resource\": \"*\"\n        }\n    ],\n    \"Version\": \"2012-10-17\"\n}\n"
              }
            ],
            "managed_policy_arns": [],
            "max_session_duration": 3600,
            "name": "svc-code-pipeline-zi",
            "name_prefix": "",
            "path": "/",
            "permissions_boundary": null,
            "tags": {},
            "tags_all": {},
            "unique_id": "AROAQEYGSNNYLWF5LGHSL"
          },
          "sensitive_attributes": [],
          "private": "bnVsbA=="
        }
      ]
    },
    {
      "mode": "managed",
      "type": "aws_iam_role_policy",
      "name": "codebuild_role_policy",
      "provider": "provider[\"registry.terraform.io/hashicorp/aws\"]",
      "instances": [
        {
          "schema_version": 0,
          "attributes": {
            "id": "svc-build-zi:terraform-20221027064945126500000003",
            "name": "terraform-20221027064945126500000003",
            "name_prefix": null,
            "policy": "{\n    \"Version\": \"2012-10-17\",\n    \"Statement\": [\n        {\n            \"Effect\": \"Allow\",\n            \"Resource\": \"*\",\n            \"Action\": [\n                \"logs:CreateLogGroup\",\n                \"logs:CreateLogStream\",\n                \"logs:PutLogEvents\"\n            ]\n        },\n        {\n            \"Effect\": \"Allow\",\n            \"Resource\": [\n                \"*\"\n            ],\n            \"Action\": [\n                \"s3:PutObject\",\n                \"s3:GetObject\",\n                \"s3:GetObjectVersion\",\n                \"s3:GetBucketAcl\",\n                \"s3:GetBucketLocation\"\n            ]\n        },\n        {\n            \"Effect\": \"Allow\",\n            \"Action\": [\n                \"codebuild:CreateReportGroup\",\n                \"codebuild:CreateReport\",\n                \"codebuild:UpdateReport\",\n                \"codebuild:BatchPutTestCases\",\n                \"codebuild:BatchPutCodeCoverages\"\n            ],\n            \"Resource\": \"*\"\n        }\n    ]\n}\n",
            "role": "svc-build-zi"
          },
          "sensitive_attributes": [],
          "private": "bnVsbA==",
          "dependencies": [
            "aws_iam_role.build_role"
          ]
        }
      ]
    },
    {
      "mode": "managed",
      "type": "aws_iam_role_policy",
      "name": "codebuild_role_policy_registrypoweruser",
      "provider": "provider[\"registry.terraform.io/hashicorp/aws\"]",
      "instances": [
        {
          "schema_version": 0,
          "attributes": {
            "id": "svc-build-zi:terraform-20221027064944602200000002",
            "name": "terraform-20221027064944602200000002",
            "name_prefix": null,
            "policy": "{\n    \"Version\": \"2012-10-17\",\n    \"Statement\": [\n        {\n            \"Effect\": \"Allow\",\n            \"Action\": [\n                \"ecr:GetAuthorizationToken\",\n                \"ecr:BatchCheckLayerAvailability\",\n                \"ecr:GetDownloadUrlForLayer\",\n                \"ecr:GetRepositoryPolicy\",\n                \"ecr:DescribeRepositories\",\n                \"ecr:ListImages\",\n                \"ecr:DescribeImages\",\n                \"ecr:BatchGetImage\",\n                \"ecr:GetLifecyclePolicy\",\n                \"ecr:GetLifecyclePolicyPreview\",\n                \"ecr:ListTagsForResource\",\n                \"ecr:DescribeImageScanFindings\",\n                \"ecr:InitiateLayerUpload\",\n                \"ecr:UploadLayerPart\",\n                \"ecr:CompleteLayerUpload\",\n                \"ecr:PutImage\"\n            ],\n            \"Resource\": \"*\"\n        }\n    ]\n}\n",
            "role": "svc-build-zi"
          },
          "sensitive_attributes": [],
          "private": "bnVsbA==",
          "dependencies": [
            "aws_iam_role.build_role"
          ]
        }
      ]
    },
    {
      "mode": "managed",
      "type": "aws_iam_role_policy",
      "name": "codepipeline_role_policy",
      "provider": "provider[\"registry.terraform.io/hashicorp/aws\"]",
      "instances": [
        {
          "schema_version": 0,
          "attributes": {
            "id": "svc-code-pipeline-zi:terraform-20221027064946871600000004",
            "name": "terraform-20221027064946871600000004",
            "name_prefix": null,
            "policy": "{\n    \"Statement\": [\n        {\n            \"Action\": [\n                \"iam:PassRole\"\n            ],\n            \"Resource\": \"*\",\n            \"Effect\": \"Allow\",\n            \"Condition\": {\n                \"StringEqualsIfExists\": {\n                    \"iam:PassedToService\": [\n                        \"cloudformation.amazonaws.com\",\n                        \"elasticbeanstalk.amazonaws.com\",\n                        \"ec2.amazonaws.com\",\n                        \"ecs-tasks.amazonaws.com\"\n                    ]\n                }\n            }\n        },\n        {\n            \"Action\": [\n                \"codecommit:CancelUploadArchive\",\n                \"codecommit:GetBranch\",\n                \"codecommit:GetCommit\",\n                \"codecommit:GetRepository\",\n                \"codecommit:GetUploadArchiveStatus\",\n                \"codecommit:UploadArchive\"\n            ],\n            \"Resource\": \"*\",\n            \"Effect\": \"Allow\"\n        },\n        {\n            \"Action\": [\n                \"codedeploy:CreateDeployment\",\n                \"codedeploy:GetApplication\",\n                \"codedeploy:GetApplicationRevision\",\n                \"codedeploy:GetDeployment\",\n                \"codedeploy:GetDeploymentConfig\",\n                \"codedeploy:RegisterApplicationRevision\"\n            ],\n            \"Resource\": \"*\",\n            \"Effect\": \"Allow\"\n        },\n        {\n            \"Action\": [\n                \"codestar-connections:UseConnection\"\n            ],\n            \"Resource\": \"*\",\n            \"Effect\": \"Allow\"\n        },\n        {\n            \"Action\": [\n                \"elasticbeanstalk:*\",\n                \"ec2:*\",\n                \"elasticloadbalancing:*\",\n                \"autoscaling:*\",\n                \"cloudwatch:*\",\n                \"s3:*\",\n                \"sns:*\",\n                \"cloudformation:*\",\n                \"rds:*\",\n                \"sqs:*\",\n                \"ecs:*\"\n            ],\n            \"Resource\": \"*\",\n            \"Effect\": \"Allow\"\n        },\n        {\n            \"Action\": [\n                \"lambda:InvokeFunction\",\n                \"lambda:ListFunctions\"\n            ],\n            \"Resource\": \"*\",\n            \"Effect\": \"Allow\"\n        },\n        {\n            \"Action\": [\n                \"opsworks:CreateDeployment\",\n                \"opsworks:DescribeApps\",\n                \"opsworks:DescribeCommands\",\n                \"opsworks:DescribeDeployments\",\n                \"opsworks:DescribeInstances\",\n                \"opsworks:DescribeStacks\",\n                \"opsworks:UpdateApp\",\n                \"opsworks:UpdateStack\"\n            ],\n            \"Resource\": \"*\",\n            \"Effect\": \"Allow\"\n        },\n        {\n            \"Action\": [\n                \"cloudformation:CreateStack\",\n                \"cloudformation:DeleteStack\",\n                \"cloudformation:DescribeStacks\",\n                \"cloudformation:UpdateStack\",\n                \"cloudformation:CreateChangeSet\",\n                \"cloudformation:DeleteChangeSet\",\n                \"cloudformation:DescribeChangeSet\",\n                \"cloudformation:ExecuteChangeSet\",\n                \"cloudformation:SetStackPolicy\",\n                \"cloudformation:ValidateTemplate\"\n            ],\n            \"Resource\": \"*\",\n            \"Effect\": \"Allow\"\n        },\n        {\n            \"Action\": [\n                \"codebuild:BatchGetBuilds\",\n                \"codebuild:StartBuild\",\n                \"codebuild:BatchGetBuildBatches\",\n                \"codebuild:StartBuildBatch\"\n            ],\n            \"Resource\": \"*\",\n            \"Effect\": \"Allow\"\n        },\n        {\n            \"Effect\": \"Allow\",\n            \"Action\": [\n                \"devicefarm:ListProjects\",\n                \"devicefarm:ListDevicePools\",\n                \"devicefarm:GetRun\",\n                \"devicefarm:GetUpload\",\n                \"devicefarm:CreateUpload\",\n                \"devicefarm:ScheduleRun\"\n            ],\n            \"Resource\": \"*\"\n        },\n        {\n            \"Effect\": \"Allow\",\n            \"Action\": [\n                \"servicecatalog:ListProvisioningArtifacts\",\n                \"servicecatalog:CreateProvisioningArtifact\",\n                \"servicecatalog:DescribeProvisioningArtifact\",\n                \"servicecatalog:DeleteProvisioningArtifact\",\n                \"servicecatalog:UpdateProduct\"\n            ],\n            \"Resource\": \"*\"\n        },\n        {\n            \"Effect\": \"Allow\",\n            \"Action\": [\n                \"cloudformation:ValidateTemplate\"\n            ],\n            \"Resource\": \"*\"\n        },\n        {\n            \"Effect\": \"Allow\",\n            \"Action\": [\n                \"ecr:DescribeImages\"\n            ],\n            \"Resource\": \"*\"\n        },\n        {\n            \"Effect\": \"Allow\",\n            \"Action\": [\n                \"states:DescribeExecution\",\n                \"states:DescribeStateMachine\",\n                \"states:StartExecution\"\n            ],\n            \"Resource\": \"*\"\n        },\n        {\n            \"Effect\": \"Allow\",\n            \"Action\": [\n                \"appconfig:StartDeployment\",\n                \"appconfig:StopDeployment\",\n                \"appconfig:GetDeployment\"\n            ],\n            \"Resource\": \"*\"\n        }\n    ],\n    \"Version\": \"2012-10-17\"\n}\n",
            "role": "svc-code-pipeline-zi"
          },
          "sensitive_attributes": [],
          "private": "bnVsbA==",
          "dependencies": [
            "aws_iam_role.code_pipeline_role"
          ]
        }
      ]
    },
    {
      "mode": "managed",
      "type": "aws_iam_service_linked_role",
      "name": "IAMServiceLinkedRole",
      "provider": "provider[\"registry.terraform.io/hashicorp/aws\"]",
      "instances": [
        {
          "schema_version": 0,
          "attributes": {
            "arn": "arn:aws:iam::010214337392:role/aws-service-role/ecs.amazonaws.com/AWSServiceRoleForECS",
            "aws_service_name": "ecs.amazonaws.com",
            "create_date": "2022-10-24T06:06:40Z",
            "custom_suffix": "",
            "description": "",
            "id": "arn:aws:iam::010214337392:role/aws-service-role/ecs.amazonaws.com/AWSServiceRoleForECS",
            "name": "AWSServiceRoleForECS",
            "path": "/aws-service-role/ecs.amazonaws.com/",
            "tags": {},
            "tags_all": {},
            "unique_id": "AROAQEYGSNNYO5YJLMDEE"
          },
          "sensitive_attributes": [],
          "private": "bnVsbA=="
        }
      ]
    },
    {
      "mode": "managed",
      "type": "aws_internet_gateway",
      "name": "VPCInternetGateway",
      "provider": "provider[\"registry.terraform.io/hashicorp/aws\"]",
      "instances": [
        {
          "schema_version": 0,
          "attributes": {
            "arn": "arn:aws:ec2:ap-south-1:010214337392:internet-gateway/igw-0d738859ee9ea229f",
            "id": "igw-0d738859ee9ea229f",
            "owner_id": "010214337392",
            "tags": {
              "name": "zoominfo-ig"
            },
            "tags_all": {
              "name": "zoominfo-ig"
            },
            "vpc_id": "vpc-07505aa18a4719834"
          },
          "sensitive_attributes": [],
          "private": "bnVsbA==",
          "dependencies": [
            "aws_vpc.ZIVPC"
          ]
        }
      ]
    },
    {
      "mode": "managed",
      "type": "aws_lb",
      "name": "ElasticLoadBalancingV2LoadBalancer1",
      "provider": "provider[\"registry.terraform.io/hashicorp/aws\"]",
      "instances": [
        {
          "schema_version": 0,
          "attributes": {
            "access_logs": [
              {
                "bucket": "",
                "enabled": false,
                "prefix": ""
              }
            ],
            "arn": "arn:aws:elasticloadbalancing:ap-south-1:010214337392:loadbalancer/app/svc1-lb/c1e0ea964326dd69",
            "arn_suffix": "app/svc1-lb/c1e0ea964326dd69",
            "customer_owned_ipv4_pool": "",
            "desync_mitigation_mode": "defensive",
            "dns_name": "internal-svc1-lb-23347773.ap-south-1.elb.amazonaws.com",
            "drop_invalid_header_fields": false,
            "enable_cross_zone_load_balancing": null,
            "enable_deletion_protection": false,
            "enable_http2": true,
            "enable_waf_fail_open": false,
            "id": "arn:aws:elasticloadbalancing:ap-south-1:010214337392:loadbalancer/app/svc1-lb/c1e0ea964326dd69",
            "idle_timeout": 60,
            "internal": true,
            "ip_address_type": "ipv4",
            "load_balancer_type": "application",
            "name": "svc1-lb",
            "name_prefix": null,
            "security_groups": [
              "sg-0a784088ca528cfb5"
            ],
            "subnet_mapping": [
              {
                "allocation_id": "",
                "ipv6_address": "",
                "outpost_id": "",
                "private_ipv4_address": "",
                "subnet_id": "subnet-02a8622450f0729c4"
              },
              {
                "allocation_id": "",
                "ipv6_address": "",
                "outpost_id": "",
                "private_ipv4_address": "",
                "subnet_id": "subnet-043025eebcd4ac975"
              }
            ],
            "subnets": [
              "subnet-02a8622450f0729c4",
              "subnet-043025eebcd4ac975"
            ],
            "tags": {},
            "tags_all": {},
            "timeouts": null,
            "vpc_id": "vpc-07505aa18a4719834",
            "zone_id": "ZP97RAFLXTNZK"
          },
          "sensitive_attributes": [],
          "private": "eyJlMmJmYjczMC1lY2FhLTExZTYtOGY4OC0zNDM2M2JjN2M0YzAiOnsiY3JlYXRlIjo2MDAwMDAwMDAwMDAsImRlbGV0ZSI6NjAwMDAwMDAwMDAwLCJ1cGRhdGUiOjYwMDAwMDAwMDAwMH19",
          "dependencies": [
            "aws_security_group.Lb-SecurityGroup",
            "aws_subnet.Subnet2-Private",
            "aws_subnet.Subnet3-Private",
            "aws_vpc.ZIVPC"
          ]
        }
      ]
    },
    {
      "mode": "managed",
      "type": "aws_lb",
      "name": "ElasticLoadBalancingV2LoadBalancer2",
      "provider": "provider[\"registry.terraform.io/hashicorp/aws\"]",
      "instances": [
        {
          "schema_version": 0,
          "attributes": {
            "access_logs": [
              {
                "bucket": "",
                "enabled": false,
                "prefix": ""
              }
            ],
            "arn": "arn:aws:elasticloadbalancing:ap-south-1:010214337392:loadbalancer/app/svc2-lb/b00e2ac6d706d0f5",
            "arn_suffix": "app/svc2-lb/b00e2ac6d706d0f5",
            "customer_owned_ipv4_pool": "",
            "desync_mitigation_mode": "defensive",
            "dns_name": "internal-svc2-lb-2016147829.ap-south-1.elb.amazonaws.com",
            "drop_invalid_header_fields": false,
            "enable_cross_zone_load_balancing": null,
            "enable_deletion_protection": false,
            "enable_http2": true,
            "enable_waf_fail_open": false,
            "id": "arn:aws:elasticloadbalancing:ap-south-1:010214337392:loadbalancer/app/svc2-lb/b00e2ac6d706d0f5",
            "idle_timeout": 60,
            "internal": true,
            "ip_address_type": "ipv4",
            "load_balancer_type": "application",
            "name": "svc2-lb",
            "name_prefix": null,
            "security_groups": [
              "sg-0a784088ca528cfb5"
            ],
            "subnet_mapping": [
              {
                "allocation_id": "",
                "ipv6_address": "",
                "outpost_id": "",
                "private_ipv4_address": "",
                "subnet_id": "subnet-02a8622450f0729c4"
              },
              {
                "allocation_id": "",
                "ipv6_address": "",
                "outpost_id": "",
                "private_ipv4_address": "",
                "subnet_id": "subnet-043025eebcd4ac975"
              }
            ],
            "subnets": [
              "subnet-02a8622450f0729c4",
              "subnet-043025eebcd4ac975"
            ],
            "tags": {},
            "tags_all": {},
            "timeouts": null,
            "vpc_id": "vpc-07505aa18a4719834",
            "zone_id": "ZP97RAFLXTNZK"
          },
          "sensitive_attributes": [],
          "private": "eyJlMmJmYjczMC1lY2FhLTExZTYtOGY4OC0zNDM2M2JjN2M0YzAiOnsiY3JlYXRlIjo2MDAwMDAwMDAwMDAsImRlbGV0ZSI6NjAwMDAwMDAwMDAwLCJ1cGRhdGUiOjYwMDAwMDAwMDAwMH19",
          "dependencies": [
            "aws_security_group.Lb-SecurityGroup",
            "aws_subnet.Subnet2-Private",
            "aws_subnet.Subnet3-Private",
            "aws_vpc.ZIVPC"
          ]
        }
      ]
    },
    {
      "mode": "managed",
      "type": "aws_lb_listener",
      "name": "ElasticLoadBalancingV2Listener",
      "provider": "provider[\"registry.terraform.io/hashicorp/aws\"]",
      "instances": [
        {
          "schema_version": 0,
          "attributes": {
            "alpn_policy": null,
            "arn": "arn:aws:elasticloadbalancing:ap-south-1:010214337392:listener/app/svc1-lb/c1e0ea964326dd69/4d7693c4c6f75f33",
            "certificate_arn": null,
            "default_action": [
              {
                "authenticate_cognito": [],
                "authenticate_oidc": [],
                "fixed_response": [],
                "forward": [],
                "order": 1,
                "redirect": [],
                "target_group_arn": "arn:aws:elasticloadbalancing:ap-south-1:010214337392:targetgroup/ecs-assign-service1/a9d22b7f22c48f1f",
                "type": "forward"
              }
            ],
            "id": "arn:aws:elasticloadbalancing:ap-south-1:010214337392:listener/app/svc1-lb/c1e0ea964326dd69/4d7693c4c6f75f33",
            "load_balancer_arn": "arn:aws:elasticloadbalancing:ap-south-1:010214337392:loadbalancer/app/svc1-lb/c1e0ea964326dd69",
            "port": 80,
            "protocol": "HTTP",
            "ssl_policy": "",
            "tags": {},
            "tags_all": {},
            "timeouts": null
          },
          "sensitive_attributes": [],
          "private": "eyJlMmJmYjczMC1lY2FhLTExZTYtOGY4OC0zNDM2M2JjN2M0YzAiOnsicmVhZCI6NjAwMDAwMDAwMDAwfX0=",
          "dependencies": [
            "aws_lb.ElasticLoadBalancingV2LoadBalancer1",
            "aws_lb_target_group.ElasticLoadBalancingV2TargetGroup",
            "aws_security_group.Lb-SecurityGroup",
            "aws_subnet.Subnet2-Private",
            "aws_subnet.Subnet3-Private",
            "aws_vpc.ZIVPC"
          ]
        }
      ]
    },
    {
      "mode": "managed",
      "type": "aws_lb_listener",
      "name": "ElasticLoadBalancingV2Listener2",
      "provider": "provider[\"registry.terraform.io/hashicorp/aws\"]",
      "instances": [
        {
          "schema_version": 0,
          "attributes": {
            "alpn_policy": null,
            "arn": "arn:aws:elasticloadbalancing:ap-south-1:010214337392:listener/app/svc2-lb/b00e2ac6d706d0f5/105f1d80872ea57d",
            "certificate_arn": null,
            "default_action": [
              {
                "authenticate_cognito": [],
                "authenticate_oidc": [],
                "fixed_response": [],
                "forward": [],
                "order": 1,
                "redirect": [],
                "target_group_arn": "arn:aws:elasticloadbalancing:ap-south-1:010214337392:targetgroup/ecs-assign-service2/05cffe92c8da5cb9",
                "type": "forward"
              }
            ],
            "id": "arn:aws:elasticloadbalancing:ap-south-1:010214337392:listener/app/svc2-lb/b00e2ac6d706d0f5/105f1d80872ea57d",
            "load_balancer_arn": "arn:aws:elasticloadbalancing:ap-south-1:010214337392:loadbalancer/app/svc2-lb/b00e2ac6d706d0f5",
            "port": 80,
            "protocol": "HTTP",
            "ssl_policy": "",
            "tags": {},
            "tags_all": {},
            "timeouts": null
          },
          "sensitive_attributes": [],
          "private": "eyJlMmJmYjczMC1lY2FhLTExZTYtOGY4OC0zNDM2M2JjN2M0YzAiOnsicmVhZCI6NjAwMDAwMDAwMDAwfX0=",
          "dependencies": [
            "aws_lb.ElasticLoadBalancingV2LoadBalancer2",
            "aws_lb_target_group.ElasticLoadBalancingV2TargetGroup2",
            "aws_security_group.Lb-SecurityGroup",
            "aws_subnet.Subnet2-Private",
            "aws_subnet.Subnet3-Private",
            "aws_vpc.ZIVPC"
          ]
        }
      ]
    },
    {
      "mode": "managed",
      "type": "aws_lb_target_group",
      "name": "ElasticLoadBalancingV2TargetGroup",
      "provider": "provider[\"registry.terraform.io/hashicorp/aws\"]",
      "instances": [
        {
          "schema_version": 0,
          "attributes": {
            "arn": "arn:aws:elasticloadbalancing:ap-south-1:010214337392:targetgroup/ecs-assign-service1/a9d22b7f22c48f1f",
            "arn_suffix": "targetgroup/ecs-assign-service1/a9d22b7f22c48f1f",
            "connection_termination": false,
            "deregistration_delay": "300",
            "health_check": [
              {
                "enabled": true,
                "healthy_threshold": 5,
                "interval": 30,
                "matcher": "200",
                "path": "/",
                "port": "8080",
                "protocol": "HTTP",
                "timeout": 5,
                "unhealthy_threshold": 2
              }
            ],
            "id": "arn:aws:elasticloadbalancing:ap-south-1:010214337392:targetgroup/ecs-assign-service1/a9d22b7f22c48f1f",
            "lambda_multi_value_headers_enabled": false,
            "load_balancing_algorithm_type": "round_robin",
            "name": "ecs-assign-service1",
            "name_prefix": null,
            "port": 80,
            "preserve_client_ip": null,
            "protocol": "HTTP",
            "protocol_version": "HTTP1",
            "proxy_protocol_v2": false,
            "slow_start": 0,
            "stickiness": [
              {
                "cookie_duration": 86400,
                "cookie_name": "",
                "enabled": false,
                "type": "lb_cookie"
              }
            ],
            "tags": {},
            "tags_all": {},
            "target_type": "ip",
            "vpc_id": "vpc-07505aa18a4719834"
          },
          "sensitive_attributes": [],
          "private": "bnVsbA==",
          "dependencies": [
            "aws_vpc.ZIVPC"
          ]
        }
      ]
    },
    {
      "mode": "managed",
      "type": "aws_lb_target_group",
      "name": "ElasticLoadBalancingV2TargetGroup2",
      "provider": "provider[\"registry.terraform.io/hashicorp/aws\"]",
      "instances": [
        {
          "schema_version": 0,
          "attributes": {
            "arn": "arn:aws:elasticloadbalancing:ap-south-1:010214337392:targetgroup/ecs-assign-service2/05cffe92c8da5cb9",
            "arn_suffix": "targetgroup/ecs-assign-service2/05cffe92c8da5cb9",
            "connection_termination": false,
            "deregistration_delay": "300",
            "health_check": [
              {
                "enabled": true,
                "healthy_threshold": 5,
                "interval": 30,
                "matcher": "200",
                "path": "/",
                "port": "9090",
                "protocol": "HTTP",
                "timeout": 5,
                "unhealthy_threshold": 2
              }
            ],
            "id": "arn:aws:elasticloadbalancing:ap-south-1:010214337392:targetgroup/ecs-assign-service2/05cffe92c8da5cb9",
            "lambda_multi_value_headers_enabled": false,
            "load_balancing_algorithm_type": "round_robin",
            "name": "ecs-assign-service2",
            "name_prefix": null,
            "port": 80,
            "preserve_client_ip": null,
            "protocol": "HTTP",
            "protocol_version": "HTTP1",
            "proxy_protocol_v2": false,
            "slow_start": 0,
            "stickiness": [
              {
                "cookie_duration": 86400,
                "cookie_name": "",
                "enabled": false,
                "type": "lb_cookie"
              }
            ],
            "tags": {},
            "tags_all": {},
            "target_type": "ip",
            "vpc_id": "vpc-07505aa18a4719834"
          },
          "sensitive_attributes": [],
          "private": "bnVsbA==",
          "dependencies": [
            "aws_vpc.ZIVPC"
          ]
        }
      ]
    },
    {
      "mode": "managed",
      "type": "aws_nat_gateway",
      "name": "VPCNatGateway",
      "provider": "provider[\"registry.terraform.io/hashicorp/aws\"]",
      "instances": [
        {
          "schema_version": 0,
          "attributes": {
            "allocation_id": "eipalloc-0854fa2b5d09212af",
            "connectivity_type": "public",
            "id": "nat-0ee38d873f1a0820e",
            "network_interface_id": "eni-0e7cb55b7f6ff7175",
            "private_ip": "172.20.0.26",
            "public_ip": "3.109.253.36",
            "subnet_id": "subnet-098a9feed83c7b7d1",
            "tags": {
              "name": "nat-gw"
            },
            "tags_all": {
              "name": "nat-gw"
            }
          },
          "sensitive_attributes": [],
          "private": "bnVsbA==",
          "dependencies": [
            "aws_eip.NATGWEIP",
            "aws_subnet.Subnet1-Public",
            "aws_vpc.ZIVPC"
          ]
        }
      ]
    },
    {
      "mode": "managed",
      "type": "aws_route",
      "name": "Route1-private",
      "provider": "provider[\"registry.terraform.io/hashicorp/aws\"]",
      "instances": [
        {
          "schema_version": 0,
          "attributes": {
            "carrier_gateway_id": "",
            "destination_cidr_block": "0.0.0.0/0",
            "destination_ipv6_cidr_block": "",
            "destination_prefix_list_id": "",
            "egress_only_gateway_id": "",
            "gateway_id": "",
            "id": "r-rtb-0d40b1e9c2926a54b1080289494",
            "instance_id": "",
            "instance_owner_id": "",
            "local_gateway_id": "",
            "nat_gateway_id": "nat-0ee38d873f1a0820e",
            "network_interface_id": "",
            "origin": "CreateRoute",
            "route_table_id": "rtb-0d40b1e9c2926a54b",
            "state": "active",
            "timeouts": null,
            "transit_gateway_id": "",
            "vpc_endpoint_id": "",
            "vpc_peering_connection_id": ""
          },
          "sensitive_attributes": [],
          "private": "eyJlMmJmYjczMC1lY2FhLTExZTYtOGY4OC0zNDM2M2JjN2M0YzAiOnsiY3JlYXRlIjozMDAwMDAwMDAwMDAsImRlbGV0ZSI6MzAwMDAwMDAwMDAwLCJ1cGRhdGUiOjEyMDAwMDAwMDAwMH19",
          "dependencies": [
            "aws_eip.NATGWEIP",
            "aws_nat_gateway.VPCNatGateway",
            "aws_route_table.RouteTable-Private",
            "aws_subnet.Subnet1-Public",
            "aws_vpc.ZIVPC"
          ]
        }
      ]
    },
    {
      "mode": "managed",
      "type": "aws_route",
      "name": "Route2-public",
      "provider": "provider[\"registry.terraform.io/hashicorp/aws\"]",
      "instances": [
        {
          "schema_version": 0,
          "attributes": {
            "carrier_gateway_id": "",
            "destination_cidr_block": "0.0.0.0/0",
            "destination_ipv6_cidr_block": "",
            "destination_prefix_list_id": "",
            "egress_only_gateway_id": "",
            "gateway_id": "igw-0d738859ee9ea229f",
            "id": "r-rtb-0bd4f3db7972781101080289494",
            "instance_id": "",
            "instance_owner_id": "",
            "local_gateway_id": "",
            "nat_gateway_id": "",
            "network_interface_id": "",
            "origin": "CreateRoute",
            "route_table_id": "rtb-0bd4f3db797278110",
            "state": "active",
            "timeouts": null,
            "transit_gateway_id": "",
            "vpc_endpoint_id": "",
            "vpc_peering_connection_id": ""
          },
          "sensitive_attributes": [],
          "private": "eyJlMmJmYjczMC1lY2FhLTExZTYtOGY4OC0zNDM2M2JjN2M0YzAiOnsiY3JlYXRlIjozMDAwMDAwMDAwMDAsImRlbGV0ZSI6MzAwMDAwMDAwMDAwLCJ1cGRhdGUiOjEyMDAwMDAwMDAwMH19",
          "dependencies": [
            "aws_internet_gateway.VPCInternetGateway",
            "aws_route_table.RouteTable-Public",
            "aws_vpc.ZIVPC"
          ]
        }
      ]
    },
    {
      "mode": "managed",
      "type": "aws_route53_record",
      "name": "Route53RecordSet3",
      "provider": "provider[\"registry.terraform.io/hashicorp/aws\"]",
      "instances": [
        {
          "schema_version": 2,
          "attributes": {
            "alias": [],
            "allow_overwrite": null,
            "failover_routing_policy": [],
            "fqdn": "service2.zoominfo.test",
            "geolocation_routing_policy": [],
            "health_check_id": "",
            "id": "Z06688662SWMPZQYH7PFC_service2.zoominfo.test._CNAME",
            "latency_routing_policy": [],
            "multivalue_answer_routing_policy": null,
            "name": "service2.zoominfo.test",
            "records": [
              "internal-svc2-lb-2016147829.ap-south-1.elb.amazonaws.com"
            ],
            "set_identifier": "",
            "ttl": 300,
            "type": "CNAME",
            "weighted_routing_policy": [],
            "zone_id": "Z06688662SWMPZQYH7PFC"
          },
          "sensitive_attributes": [],
          "private": "eyJzY2hlbWFfdmVyc2lvbiI6IjIifQ==",
          "dependencies": [
            "aws_lb.ElasticLoadBalancingV2LoadBalancer2",
            "aws_route53_zone.Route53HostedZone",
            "aws_security_group.Lb-SecurityGroup",
            "aws_subnet.Subnet2-Private",
            "aws_subnet.Subnet3-Private",
            "aws_vpc.ZIVPC"
          ]
        }
      ]
    },
    {
      "mode": "managed",
      "type": "aws_route53_zone",
      "name": "Route53HostedZone",
      "provider": "provider[\"registry.terraform.io/hashicorp/aws\"]",
      "instances": [
        {
          "schema_version": 0,
          "attributes": {
            "arn": "arn:aws:route53:::hostedzone/Z06688662SWMPZQYH7PFC",
            "comment": "Managed by Terraform",
            "delegation_set_id": "",
            "force_destroy": false,
            "id": "Z06688662SWMPZQYH7PFC",
            "name": "zoominfo.test",
            "name_servers": [
              "ns-0.awsdns-00.com.",
              "ns-1024.awsdns-00.org.",
              "ns-1536.awsdns-00.co.uk.",
              "ns-512.awsdns-00.net."
            ],
            "tags": {},
            "tags_all": {},
            "vpc": [
              {
                "vpc_id": "vpc-07505aa18a4719834",
                "vpc_region": "ap-south-1"
              }
            ],
            "zone_id": "Z06688662SWMPZQYH7PFC"
          },
          "sensitive_attributes": [],
          "private": "bnVsbA==",
          "dependencies": [
            "aws_vpc.ZIVPC"
          ]
        }
      ]
    },
    {
      "mode": "managed",
      "type": "aws_route_table",
      "name": "RouteTable-Private",
      "provider": "provider[\"registry.terraform.io/hashicorp/aws\"]",
      "instances": [
        {
          "schema_version": 0,
          "attributes": {
            "arn": "arn:aws:ec2:ap-south-1:010214337392:route-table/rtb-0d40b1e9c2926a54b",
            "id": "rtb-0d40b1e9c2926a54b",
            "owner_id": "010214337392",
            "propagating_vgws": [],
            "route": [
              {
                "carrier_gateway_id": "",
                "cidr_block": "0.0.0.0/0",
                "destination_prefix_list_id": "",
                "egress_only_gateway_id": "",
                "gateway_id": "",
                "instance_id": "",
                "ipv6_cidr_block": "",
                "local_gateway_id": "",
                "nat_gateway_id": "nat-0ee38d873f1a0820e",
                "network_interface_id": "",
                "transit_gateway_id": "",
                "vpc_endpoint_id": "",
                "vpc_peering_connection_id": ""
              }
            ],
            "tags": {
              "name": "zoominfo-route-table"
            },
            "tags_all": {
              "name": "zoominfo-route-table"
            },
            "timeouts": null,
            "vpc_id": "vpc-07505aa18a4719834"
          },
          "sensitive_attributes": [],
          "private": "eyJlMmJmYjczMC1lY2FhLTExZTYtOGY4OC0zNDM2M2JjN2M0YzAiOnsiY3JlYXRlIjozMDAwMDAwMDAwMDAsImRlbGV0ZSI6MzAwMDAwMDAwMDAwLCJ1cGRhdGUiOjEyMDAwMDAwMDAwMH19",
          "dependencies": [
            "aws_vpc.ZIVPC"
          ]
        }
      ]
    },
    {
      "mode": "managed",
      "type": "aws_route_table",
      "name": "RouteTable-Public",
      "provider": "provider[\"registry.terraform.io/hashicorp/aws\"]",
      "instances": [
        {
          "schema_version": 0,
          "attributes": {
            "arn": "arn:aws:ec2:ap-south-1:010214337392:route-table/rtb-0bd4f3db797278110",
            "id": "rtb-0bd4f3db797278110",
            "owner_id": "010214337392",
            "propagating_vgws": [],
            "route": [
              {
                "carrier_gateway_id": "",
                "cidr_block": "0.0.0.0/0",
                "destination_prefix_list_id": "",
                "egress_only_gateway_id": "",
                "gateway_id": "igw-0d738859ee9ea229f",
                "instance_id": "",
                "ipv6_cidr_block": "",
                "local_gateway_id": "",
                "nat_gateway_id": "",
                "network_interface_id": "",
                "transit_gateway_id": "",
                "vpc_endpoint_id": "",
                "vpc_peering_connection_id": ""
              }
            ],
            "tags": {
              "name": "zoominfo-route-table"
            },
            "tags_all": {
              "name": "zoominfo-route-table"
            },
            "timeouts": null,
            "vpc_id": "vpc-07505aa18a4719834"
          },
          "sensitive_attributes": [],
          "private": "eyJlMmJmYjczMC1lY2FhLTExZTYtOGY4OC0zNDM2M2JjN2M0YzAiOnsiY3JlYXRlIjozMDAwMDAwMDAwMDAsImRlbGV0ZSI6MzAwMDAwMDAwMDAwLCJ1cGRhdGUiOjEyMDAwMDAwMDAwMH19",
          "dependencies": [
            "aws_vpc.ZIVPC"
          ]
        }
      ]
    },
    {
      "mode": "managed",
      "type": "aws_route_table_association",
      "name": "SubnetRouteTableAssociation-Private1",
      "provider": "provider[\"registry.terraform.io/hashicorp/aws\"]",
      "instances": [
        {
          "schema_version": 0,
          "attributes": {
            "gateway_id": "",
            "id": "rtbassoc-03d76d2db794fe31f",
            "route_table_id": "rtb-0d40b1e9c2926a54b",
            "subnet_id": "subnet-02a8622450f0729c4"
          },
          "sensitive_attributes": [],
          "private": "bnVsbA==",
          "dependencies": [
            "aws_route_table.RouteTable-Private",
            "aws_subnet.Subnet2-Private",
            "aws_vpc.ZIVPC"
          ]
        }
      ]
    },
    {
      "mode": "managed",
      "type": "aws_route_table_association",
      "name": "SubnetRouteTableAssociation-Private2",
      "provider": "provider[\"registry.terraform.io/hashicorp/aws\"]",
      "instances": [
        {
          "schema_version": 0,
          "attributes": {
            "gateway_id": "",
            "id": "rtbassoc-0c1dba79e81c185ff",
            "route_table_id": "rtb-0d40b1e9c2926a54b",
            "subnet_id": "subnet-043025eebcd4ac975"
          },
          "sensitive_attributes": [],
          "private": "bnVsbA==",
          "dependencies": [
            "aws_route_table.RouteTable-Private",
            "aws_subnet.Subnet3-Private",
            "aws_vpc.ZIVPC"
          ]
        }
      ]
    },
    {
      "mode": "managed",
      "type": "aws_route_table_association",
      "name": "SubnetRouteTableAssociation-Public1",
      "provider": "provider[\"registry.terraform.io/hashicorp/aws\"]",
      "instances": [
        {
          "schema_version": 0,
          "attributes": {
            "gateway_id": "",
            "id": "rtbassoc-0684172ef18d0e376",
            "route_table_id": "rtb-0bd4f3db797278110",
            "subnet_id": "subnet-098a9feed83c7b7d1"
          },
          "sensitive_attributes": [],
          "private": "bnVsbA==",
          "dependencies": [
            "aws_route_table.RouteTable-Public",
            "aws_subnet.Subnet1-Public",
            "aws_vpc.ZIVPC"
          ]
        }
      ]
    },
    {
      "mode": "managed",
      "type": "aws_route_table_association",
      "name": "SubnetRouteTableAssociation-Public2",
      "provider": "provider[\"registry.terraform.io/hashicorp/aws\"]",
      "instances": [
        {
          "schema_version": 0,
          "attributes": {
            "gateway_id": "",
            "id": "rtbassoc-05b0723eeb33df0bc",
            "route_table_id": "rtb-0bd4f3db797278110",
            "subnet_id": "subnet-0fc520cf2b04751f6"
          },
          "sensitive_attributes": [],
          "private": "bnVsbA==",
          "dependencies": [
            "aws_route_table.RouteTable-Public",
            "aws_subnet.Subnet4-Public",
            "aws_vpc.ZIVPC"
          ]
        }
      ]
    },
    {
      "mode": "managed",
      "type": "aws_s3_bucket",
      "name": "codepipeline_bucket",
      "provider": "provider[\"registry.terraform.io/hashicorp/aws\"]",
      "instances": [
        {
          "schema_version": 0,
          "attributes": {
            "acceleration_status": "",
            "acl": "private",
            "arn": "arn:aws:s3:::code-pipeline-svc",
            "bucket": "code-pipeline-svc",
            "bucket_domain_name": "code-pipeline-svc.s3.amazonaws.com",
            "bucket_prefix": null,
            "bucket_regional_domain_name": "code-pipeline-svc.s3.ap-south-1.amazonaws.com",
            "cors_rule": [],
            "force_destroy": false,
            "grant": [],
            "hosted_zone_id": "Z11RGJOFQNVJUP",
            "id": "code-pipeline-svc",
            "lifecycle_rule": [],
            "logging": [],
            "object_lock_configuration": [],
            "object_lock_enabled": false,
            "policy": null,
            "region": "ap-south-1",
            "replication_configuration": [],
            "request_payer": "BucketOwner",
            "server_side_encryption_configuration": [],
            "tags": {},
            "tags_all": {},
            "versioning": [
              {
                "enabled": false,
                "mfa_delete": false
              }
            ],
            "website": [],
            "website_domain": null,
            "website_endpoint": null
          },
          "sensitive_attributes": [],
          "private": "bnVsbA=="
        }
      ]
    },
    {
      "mode": "managed",
      "type": "aws_s3_bucket",
      "name": "s3_build",
      "provider": "provider[\"registry.terraform.io/hashicorp/aws\"]",
      "instances": [
        {
          "schema_version": 0,
          "attributes": {
            "acceleration_status": "",
            "acl": "private",
            "arn": "arn:aws:s3:::codepipeline-svc",
            "bucket": "codepipeline-svc",
            "bucket_domain_name": "codepipeline-svc.s3.amazonaws.com",
            "bucket_prefix": null,
            "bucket_regional_domain_name": "codepipeline-svc.s3.ap-south-1.amazonaws.com",
            "cors_rule": [],
            "force_destroy": false,
            "grant": [],
            "hosted_zone_id": "Z11RGJOFQNVJUP",
            "id": "codepipeline-svc",
            "lifecycle_rule": [],
            "logging": [],
            "object_lock_configuration": [],
            "object_lock_enabled": false,
            "policy": null,
            "region": "ap-south-1",
            "replication_configuration": [],
            "request_payer": "BucketOwner",
            "server_side_encryption_configuration": [],
            "tags": {},
            "tags_all": {},
            "versioning": [
              {
                "enabled": false,
                "mfa_delete": false
              }
            ],
            "website": [],
            "website_domain": null,
            "website_endpoint": null
          },
          "sensitive_attributes": [],
          "private": "bnVsbA=="
        }
      ]
    },
    {
      "mode": "managed",
      "type": "aws_s3_bucket_acl",
      "name": "s3-build-acl",
      "provider": "provider[\"registry.terraform.io/hashicorp/aws\"]",
      "instances": [
        {
          "schema_version": 0,
          "attributes": {
            "access_control_policy": [
              {
                "grant": [
                  {
                    "grantee": [
                      {
                        "display_name": "",
                        "email_address": "",
                        "id": "96b4e1262136e1bb95e6be6f49b5877a802c907c35da9809c9774d51c264eae9",
                        "type": "CanonicalUser",
                        "uri": ""
                      }
                    ],
                    "permission": "FULL_CONTROL"
                  }
                ],
                "owner": [
                  {
                    "display_name": "",
                    "id": "96b4e1262136e1bb95e6be6f49b5877a802c907c35da9809c9774d51c264eae9"
                  }
                ]
              }
            ],
            "acl": "private",
            "bucket": "codepipeline-svc",
            "expected_bucket_owner": "",
            "id": "codepipeline-svc,private"
          },
          "sensitive_attributes": [],
          "private": "bnVsbA==",
          "dependencies": [
            "aws_s3_bucket.s3_build"
          ]
        }
      ]
    },
    {
      "mode": "managed",
      "type": "aws_security_group",
      "name": "Lb-SecurityGroup",
      "provider": "provider[\"registry.terraform.io/hashicorp/aws\"]",
      "instances": [
        {
          "schema_version": 1,
          "attributes": {
            "arn": "arn:aws:ec2:ap-south-1:010214337392:security-group/sg-0a784088ca528cfb5",
            "description": "Managed by Terraform",
            "egress": [
              {
                "cidr_blocks": [
                  "0.0.0.0/0"
                ],
                "description": "",
                "from_port": 0,
                "ipv6_cidr_blocks": [],
                "prefix_list_ids": [],
                "protocol": "-1",
                "security_groups": [],
                "self": false,
                "to_port": 0
              }
            ],
            "id": "sg-0a784088ca528cfb5",
            "ingress": [
              {
                "cidr_blocks": [
                  "0.0.0.0/0"
                ],
                "description": "",
                "from_port": 80,
                "ipv6_cidr_blocks": [],
                "prefix_list_ids": [],
                "protocol": "tcp",
                "security_groups": [],
                "self": false,
                "to_port": 80
              }
            ],
            "name": "loadbalancer-sg",
            "name_prefix": "",
            "owner_id": "010214337392",
            "revoke_rules_on_delete": false,
            "tags": {},
            "tags_all": {},
            "timeouts": null,
            "vpc_id": "vpc-07505aa18a4719834"
          },
          "sensitive_attributes": [],
          "private": "eyJlMmJmYjczMC1lY2FhLTExZTYtOGY4OC0zNDM2M2JjN2M0YzAiOnsiY3JlYXRlIjo2MDAwMDAwMDAwMDAsImRlbGV0ZSI6OTAwMDAwMDAwMDAwfSwic2NoZW1hX3ZlcnNpb24iOiIxIn0=",
          "dependencies": [
            "aws_vpc.ZIVPC"
          ]
        }
      ]
    },
    {
      "mode": "managed",
      "type": "aws_security_group",
      "name": "svc1-SecurityGroup",
      "provider": "provider[\"registry.terraform.io/hashicorp/aws\"]",
      "instances": [
        {
          "schema_version": 1,
          "attributes": {
            "arn": "arn:aws:ec2:ap-south-1:010214337392:security-group/sg-09b4671b138f7e09b",
            "description": "Managed by Terraform",
            "egress": [
              {
                "cidr_blocks": [
                  "0.0.0.0/0"
                ],
                "description": "",
                "from_port": 0,
                "ipv6_cidr_blocks": [],
                "prefix_list_ids": [],
                "protocol": "-1",
                "security_groups": [],
                "self": false,
                "to_port": 0
              }
            ],
            "id": "sg-09b4671b138f7e09b",
            "ingress": [
              {
                "cidr_blocks": [
                  "0.0.0.0/0"
                ],
                "description": "",
                "from_port": 8080,
                "ipv6_cidr_blocks": [],
                "prefix_list_ids": [],
                "protocol": "tcp",
                "security_groups": [],
                "self": false,
                "to_port": 8080
              }
            ],
            "name": "servic1-sg",
            "name_prefix": "",
            "owner_id": "010214337392",
            "revoke_rules_on_delete": false,
            "tags": {},
            "tags_all": {},
            "timeouts": null,
            "vpc_id": "vpc-07505aa18a4719834"
          },
          "sensitive_attributes": [],
          "private": "eyJlMmJmYjczMC1lY2FhLTExZTYtOGY4OC0zNDM2M2JjN2M0YzAiOnsiY3JlYXRlIjo2MDAwMDAwMDAwMDAsImRlbGV0ZSI6OTAwMDAwMDAwMDAwfSwic2NoZW1hX3ZlcnNpb24iOiIxIn0=",
          "dependencies": [
            "aws_vpc.ZIVPC"
          ]
        }
      ]
    },
    {
      "mode": "managed",
      "type": "aws_security_group",
      "name": "svc2-SecurityGroup",
      "provider": "provider[\"registry.terraform.io/hashicorp/aws\"]",
      "instances": [
        {
          "schema_version": 1,
          "attributes": {
            "arn": "arn:aws:ec2:ap-south-1:010214337392:security-group/sg-0614938e5643c2dd9",
            "description": "Managed by Terraform",
            "egress": [
              {
                "cidr_blocks": [
                  "0.0.0.0/0"
                ],
                "description": "",
                "from_port": 0,
                "ipv6_cidr_blocks": [],
                "prefix_list_ids": [],
                "protocol": "-1",
                "security_groups": [],
                "self": false,
                "to_port": 0
              }
            ],
            "id": "sg-0614938e5643c2dd9",
            "ingress": [
              {
                "cidr_blocks": [
                  "0.0.0.0/0"
                ],
                "description": "",
                "from_port": 9090,
                "ipv6_cidr_blocks": [],
                "prefix_list_ids": [],
                "protocol": "tcp",
                "security_groups": [],
                "self": false,
                "to_port": 9090
              }
            ],
            "name": "servic2-sg",
            "name_prefix": "",
            "owner_id": "010214337392",
            "revoke_rules_on_delete": false,
            "tags": {},
            "tags_all": {},
            "timeouts": null,
            "vpc_id": "vpc-07505aa18a4719834"
          },
          "sensitive_attributes": [],
          "private": "eyJlMmJmYjczMC1lY2FhLTExZTYtOGY4OC0zNDM2M2JjN2M0YzAiOnsiY3JlYXRlIjo2MDAwMDAwMDAwMDAsImRlbGV0ZSI6OTAwMDAwMDAwMDAwfSwic2NoZW1hX3ZlcnNpb24iOiIxIn0=",
          "dependencies": [
            "aws_vpc.ZIVPC"
          ]
        }
      ]
    },
    {
      "mode": "managed",
      "type": "aws_subnet",
      "name": "Subnet1-Public",
      "provider": "provider[\"registry.terraform.io/hashicorp/aws\"]",
      "instances": [
        {
          "schema_version": 1,
          "attributes": {
            "arn": "arn:aws:ec2:ap-south-1:010214337392:subnet/subnet-098a9feed83c7b7d1",
            "assign_ipv6_address_on_creation": false,
            "availability_zone": "ap-south-1a",
            "availability_zone_id": "aps1-az1",
            "cidr_block": "172.20.0.0/25",
            "customer_owned_ipv4_pool": "",
            "enable_dns64": false,
            "enable_resource_name_dns_a_record_on_launch": false,
            "enable_resource_name_dns_aaaa_record_on_launch": false,
            "id": "subnet-098a9feed83c7b7d1",
            "ipv6_cidr_block": "",
            "ipv6_cidr_block_association_id": "",
            "ipv6_native": false,
            "map_customer_owned_ip_on_launch": false,
            "map_public_ip_on_launch": false,
            "outpost_arn": "",
            "owner_id": "010214337392",
            "private_dns_hostname_type_on_launch": "ip-name",
            "tags": {},
            "tags_all": {},
            "timeouts": null,
            "vpc_id": "vpc-07505aa18a4719834"
          },
          "sensitive_attributes": [],
          "private": "eyJlMmJmYjczMC1lY2FhLTExZTYtOGY4OC0zNDM2M2JjN2M0YzAiOnsiY3JlYXRlIjo2MDAwMDAwMDAwMDAsImRlbGV0ZSI6MTIwMDAwMDAwMDAwMH0sInNjaGVtYV92ZXJzaW9uIjoiMSJ9",
          "dependencies": [
            "aws_vpc.ZIVPC"
          ]
        }
      ]
    },
    {
      "mode": "managed",
      "type": "aws_subnet",
      "name": "Subnet2-Private",
      "provider": "provider[\"registry.terraform.io/hashicorp/aws\"]",
      "instances": [
        {
          "schema_version": 1,
          "attributes": {
            "arn": "arn:aws:ec2:ap-south-1:010214337392:subnet/subnet-02a8622450f0729c4",
            "assign_ipv6_address_on_creation": false,
            "availability_zone": "ap-south-1b",
            "availability_zone_id": "aps1-az3",
            "cidr_block": "172.20.4.128/25",
            "customer_owned_ipv4_pool": "",
            "enable_dns64": false,
            "enable_resource_name_dns_a_record_on_launch": false,
            "enable_resource_name_dns_aaaa_record_on_launch": false,
            "id": "subnet-02a8622450f0729c4",
            "ipv6_cidr_block": "",
            "ipv6_cidr_block_association_id": "",
            "ipv6_native": false,
            "map_customer_owned_ip_on_launch": false,
            "map_public_ip_on_launch": false,
            "outpost_arn": "",
            "owner_id": "010214337392",
            "private_dns_hostname_type_on_launch": "ip-name",
            "tags": {},
            "tags_all": {},
            "timeouts": null,
            "vpc_id": "vpc-07505aa18a4719834"
          },
          "sensitive_attributes": [],
          "private": "eyJlMmJmYjczMC1lY2FhLTExZTYtOGY4OC0zNDM2M2JjN2M0YzAiOnsiY3JlYXRlIjo2MDAwMDAwMDAwMDAsImRlbGV0ZSI6MTIwMDAwMDAwMDAwMH0sInNjaGVtYV92ZXJzaW9uIjoiMSJ9",
          "dependencies": [
            "aws_vpc.ZIVPC"
          ]
        }
      ]
    },
    {
      "mode": "managed",
      "type": "aws_subnet",
      "name": "Subnet3-Private",
      "provider": "provider[\"registry.terraform.io/hashicorp/aws\"]",
      "instances": [
        {
          "schema_version": 1,
          "attributes": {
            "arn": "arn:aws:ec2:ap-south-1:010214337392:subnet/subnet-043025eebcd4ac975",
            "assign_ipv6_address_on_creation": false,
            "availability_zone": "ap-south-1a",
            "availability_zone_id": "aps1-az1",
            "cidr_block": "172.20.4.0/25",
            "customer_owned_ipv4_pool": "",
            "enable_dns64": false,
            "enable_resource_name_dns_a_record_on_launch": false,
            "enable_resource_name_dns_aaaa_record_on_launch": false,
            "id": "subnet-043025eebcd4ac975",
            "ipv6_cidr_block": "",
            "ipv6_cidr_block_association_id": "",
            "ipv6_native": false,
            "map_customer_owned_ip_on_launch": false,
            "map_public_ip_on_launch": false,
            "outpost_arn": "",
            "owner_id": "010214337392",
            "private_dns_hostname_type_on_launch": "ip-name",
            "tags": {},
            "tags_all": {},
            "timeouts": null,
            "vpc_id": "vpc-07505aa18a4719834"
          },
          "sensitive_attributes": [],
          "private": "eyJlMmJmYjczMC1lY2FhLTExZTYtOGY4OC0zNDM2M2JjN2M0YzAiOnsiY3JlYXRlIjo2MDAwMDAwMDAwMDAsImRlbGV0ZSI6MTIwMDAwMDAwMDAwMH0sInNjaGVtYV92ZXJzaW9uIjoiMSJ9",
          "dependencies": [
            "aws_vpc.ZIVPC"
          ]
        }
      ]
    },
    {
      "mode": "managed",
      "type": "aws_subnet",
      "name": "Subnet4-Public",
      "provider": "provider[\"registry.terraform.io/hashicorp/aws\"]",
      "instances": [
        {
          "schema_version": 1,
          "attributes": {
            "arn": "arn:aws:ec2:ap-south-1:010214337392:subnet/subnet-0fc520cf2b04751f6",
            "assign_ipv6_address_on_creation": false,
            "availability_zone": "ap-south-1b",
            "availability_zone_id": "aps1-az3",
            "cidr_block": "172.20.0.128/25",
            "customer_owned_ipv4_pool": "",
            "enable_dns64": false,
            "enable_resource_name_dns_a_record_on_launch": false,
            "enable_resource_name_dns_aaaa_record_on_launch": false,
            "id": "subnet-0fc520cf2b04751f6",
            "ipv6_cidr_block": "",
            "ipv6_cidr_block_association_id": "",
            "ipv6_native": false,
            "map_customer_owned_ip_on_launch": false,
            "map_public_ip_on_launch": false,
            "outpost_arn": "",
            "owner_id": "010214337392",
            "private_dns_hostname_type_on_launch": "ip-name",
            "tags": {},
            "tags_all": {},
            "timeouts": null,
            "vpc_id": "vpc-07505aa18a4719834"
          },
          "sensitive_attributes": [],
          "private": "eyJlMmJmYjczMC1lY2FhLTExZTYtOGY4OC0zNDM2M2JjN2M0YzAiOnsiY3JlYXRlIjo2MDAwMDAwMDAwMDAsImRlbGV0ZSI6MTIwMDAwMDAwMDAwMH0sInNjaGVtYV92ZXJzaW9uIjoiMSJ9",
          "dependencies": [
            "aws_vpc.ZIVPC"
          ]
        }
      ]
    },
    {
      "mode": "managed",
      "type": "aws_vpc",
      "name": "ZIVPC",
      "provider": "provider[\"registry.terraform.io/hashicorp/aws\"]",
      "instances": [
        {
          "schema_version": 1,
          "attributes": {
            "arn": "arn:aws:ec2:ap-south-1:010214337392:vpc/vpc-07505aa18a4719834",
            "assign_generated_ipv6_cidr_block": false,
            "cidr_block": "172.20.0.0/21",
            "default_network_acl_id": "acl-028c75c8efc4b798e",
            "default_route_table_id": "rtb-0d845a01fe59817a7",
            "default_security_group_id": "sg-0404b12662299a1f2",
            "dhcp_options_id": "dopt-08c00de8220260a38",
            "enable_classiclink": false,
            "enable_classiclink_dns_support": false,
            "enable_dns_hostnames": true,
            "enable_dns_support": true,
            "id": "vpc-07505aa18a4719834",
            "instance_tenancy": "default",
            "ipv4_ipam_pool_id": null,
            "ipv4_netmask_length": null,
            "ipv6_association_id": "",
            "ipv6_cidr_block": "",
            "ipv6_cidr_block_network_border_group": "",
            "ipv6_ipam_pool_id": "",
            "ipv6_netmask_length": 0,
            "main_route_table_id": "rtb-0d845a01fe59817a7",
            "owner_id": "010214337392",
            "tags": {
              "name": "zoominfoi-vpc"
            },
            "tags_all": {
              "name": "zoominfoi-vpc"
            }
          },
          "sensitive_attributes": [],
          "private": "eyJzY2hlbWFfdmVyc2lvbiI6IjEifQ=="
        }
      ]
    }
  ]
}
